{
  "version": 4,
  "terraform_version": "1.2.3",
  "serial": 100,
  "lineage": "8bb74a69-ba56-2591-9c30-fdcf0fd0d13a",
  "outputs": {
    "azs": {
      "value": [
        "us-east-1a",
        "us-east-1b"
      ],
      "type": [
        "list",
        "string"
      ]
    },
    "ec2_bastion_public_instance_ids": {
      "value": [
        "i-0d741380f8f092783"
      ],
      "type": [
        "tuple",
        [
          "string"
        ]
      ]
    },
    "ec2_bastion_public_ip": {
      "value": [
        "34.232.9.61"
      ],
      "type": [
        "tuple",
        [
          "string"
        ]
      ]
    },
    "ec2_private_instance_ids": {
      "value": [
        "i-0f4326b123a5d21b1"
      ],
      "type": [
        "tuple",
        [
          "string"
        ]
      ]
    },
    "ec2_private_ip": {
      "value": [
        "10.0.1.38"
      ],
      "type": [
        "tuple",
        [
          "string"
        ]
      ]
    },
    "nat_public_ips": {
      "value": [
        "3.211.90.130"
      ],
      "type": [
        "list",
        "string"
      ]
    },
    "private_sg_group_id": {
      "value": "sg-00d20397a1d558c33",
      "type": "string"
    },
    "private_sg_group_name": {
      "value": "private-sg-20220621174555946400000001",
      "type": "string"
    },
    "private_sg_group_vpc_id": {
      "value": "vpc-05e23d1a8807d5015",
      "type": "string"
    },
    "private_subnets": {
      "value": [
        "subnet-00e53ae3fc7206db0",
        "subnet-0ecc7f50a89b4f362"
      ],
      "type": [
        "tuple",
        [
          "string",
          "string"
        ]
      ]
    },
    "public_bastion_sg_group_id": {
      "value": "sg-0eeaf8b686087e67e",
      "type": "string"
    },
    "public_bastion_sg_group_name": {
      "value": "public-bastion-sg-20220621174556115000000002",
      "type": "string"
    },
    "public_bastion_sg_group_vpc_id": {
      "value": "vpc-05e23d1a8807d5015",
      "type": "string"
    },
    "public_subnets": {
      "value": [
        "subnet-084e59bdc271ec0f2",
        "subnet-05fcbbbb0079b57fc"
      ],
      "type": [
        "tuple",
        [
          "string",
          "string"
        ]
      ]
    },
    "vpc_cidr_block": {
      "value": "10.0.0.0/16",
      "type": "string"
    },
    "vpc_id": {
      "value": "vpc-05e23d1a8807d5015",
      "type": "string"
    }
  },
  "resources": [
    {
      "mode": "data",
      "type": "aws_ami",
      "name": "myami",
      "provider": "provider[\"registry.terraform.io/hashicorp/aws\"]",
      "instances": [
        {
          "schema_version": 0,
          "attributes": {
            "architecture": "x86_64",
            "arn": "arn:aws:ec2:us-east-1::image/ami-0cff7528ff583bf9a",
            "block_device_mappings": [
              {
                "device_name": "/dev/xvda",
                "ebs": {
                  "delete_on_termination": "true",
                  "encrypted": "false",
                  "iops": "0",
                  "snapshot_id": "snap-08f1069dfde2007ba",
                  "throughput": "0",
                  "volume_size": "8",
                  "volume_type": "gp2"
                },
                "no_device": "",
                "virtual_name": ""
              }
            ],
            "boot_mode": "",
            "creation_date": "2022-06-14T19:54:20.000Z",
            "deprecation_time": "2024-06-14T19:54:20.000Z",
            "description": "Amazon Linux 2 Kernel 5.10 AMI 2.0.20220606.1 x86_64 HVM gp2",
            "ena_support": true,
            "executable_users": null,
            "filter": [
              {
                "name": "architecture",
                "values": [
                  "x86_64"
                ]
              },
              {
                "name": "name",
                "values": [
                  "amzn2-ami-kernel-5.10-hvm-*-gp2"
                ]
              },
              {
                "name": "root-device-type",
                "values": [
                  "ebs"
                ]
              },
              {
                "name": "virtualization-type",
                "values": [
                  "hvm"
                ]
              }
            ],
            "hypervisor": "xen",
            "id": "ami-0cff7528ff583bf9a",
            "image_id": "ami-0cff7528ff583bf9a",
            "image_location": "amazon/amzn2-ami-kernel-5.10-hvm-2.0.20220606.1-x86_64-gp2",
            "image_owner_alias": "amazon",
            "image_type": "machine",
            "kernel_id": "",
            "most_recent": true,
            "name": "amzn2-ami-kernel-5.10-hvm-2.0.20220606.1-x86_64-gp2",
            "name_regex": null,
            "owner_id": "137112412989",
            "owners": [
              "amazon"
            ],
            "platform": "",
            "platform_details": "Linux/UNIX",
            "product_codes": [],
            "public": true,
            "ramdisk_id": "",
            "root_device_name": "/dev/xvda",
            "root_device_type": "ebs",
            "root_snapshot_id": "snap-08f1069dfde2007ba",
            "sriov_net_support": "simple",
            "state": "available",
            "state_reason": {
              "code": "UNSET",
              "message": "UNSET"
            },
            "tags": {},
            "tpm_support": "",
            "usage_operation": "RunInstances",
            "virtualization_type": "hvm"
          },
          "sensitive_attributes": []
        }
      ]
    },
    {
      "mode": "managed",
      "type": "aws_eip",
      "name": "bastion_eip",
      "provider": "provider[\"registry.terraform.io/hashicorp/aws\"]",
      "instances": [
        {
          "schema_version": 0,
          "attributes": {
            "address": null,
            "allocation_id": "eipalloc-020933f519dba6d6d",
            "associate_with_private_ip": null,
            "association_id": "eipassoc-0ba767acddc6b60d3",
            "carrier_ip": "",
            "customer_owned_ip": "",
            "customer_owned_ipv4_pool": "",
            "domain": "vpc",
            "id": "eipalloc-020933f519dba6d6d",
            "instance": "i-0d741380f8f092783",
            "network_border_group": "us-east-1",
            "network_interface": "eni-0aefdde5c299d9d8b",
            "private_dns": "ip-10-0-101-179.ec2.internal",
            "private_ip": "10.0.101.179",
            "public_dns": "ec2-34-232-9-61.compute-1.amazonaws.com",
            "public_ip": "34.232.9.61",
            "public_ipv4_pool": "amazon",
            "tags": {
              "environment": "prod",
              "owners": "PR"
            },
            "tags_all": {
              "environment": "prod",
              "owners": "PR"
            },
            "timeouts": null,
            "vpc": true
          },
          "sensitive_attributes": [],
          "private": "eyJlMmJmYjczMC1lY2FhLTExZTYtOGY4OC0zNDM2M2JjN2M0YzAiOnsiZGVsZXRlIjoxODAwMDAwMDAwMDAsInJlYWQiOjkwMDAwMDAwMDAwMCwidXBkYXRlIjozMDAwMDAwMDAwMDB9fQ==",
          "dependencies": [
            "data.aws_ami.myami",
            "module.public_bastion_sg.aws_security_group.this",
            "module.public_bastion_sg.aws_security_group.this_name_prefix",
            "module.public_ec2_instance.aws_instance.this",
            "module.vpc.aws_cloudwatch_log_group.flow_log",
            "module.vpc.aws_customer_gateway.this",
            "module.vpc.aws_db_subnet_group.database",
            "module.vpc.aws_default_network_acl.this",
            "module.vpc.aws_default_route_table.default",
            "module.vpc.aws_default_security_group.this",
            "module.vpc.aws_default_vpc.this",
            "module.vpc.aws_egress_only_internet_gateway.this",
            "module.vpc.aws_eip.nat",
            "module.vpc.aws_elasticache_subnet_group.elasticache",
            "module.vpc.aws_flow_log.this",
            "module.vpc.aws_iam_policy.vpc_flow_log_cloudwatch",
            "module.vpc.aws_iam_role.vpc_flow_log_cloudwatch",
            "module.vpc.aws_iam_role_policy_attachment.vpc_flow_log_cloudwatch",
            "module.vpc.aws_internet_gateway.this",
            "module.vpc.aws_nat_gateway.this",
            "module.vpc.aws_network_acl.database",
            "module.vpc.aws_network_acl.elasticache",
            "module.vpc.aws_network_acl.intra",
            "module.vpc.aws_network_acl.outpost",
            "module.vpc.aws_network_acl.private",
            "module.vpc.aws_network_acl.public",
            "module.vpc.aws_network_acl.redshift",
            "module.vpc.aws_network_acl_rule.database_inbound",
            "module.vpc.aws_network_acl_rule.database_outbound",
            "module.vpc.aws_network_acl_rule.elasticache_inbound",
            "module.vpc.aws_network_acl_rule.elasticache_outbound",
            "module.vpc.aws_network_acl_rule.intra_inbound",
            "module.vpc.aws_network_acl_rule.intra_outbound",
            "module.vpc.aws_network_acl_rule.outpost_inbound",
            "module.vpc.aws_network_acl_rule.outpost_outbound",
            "module.vpc.aws_network_acl_rule.private_inbound",
            "module.vpc.aws_network_acl_rule.private_outbound",
            "module.vpc.aws_network_acl_rule.public_inbound",
            "module.vpc.aws_network_acl_rule.public_outbound",
            "module.vpc.aws_network_acl_rule.redshift_inbound",
            "module.vpc.aws_network_acl_rule.redshift_outbound",
            "module.vpc.aws_redshift_subnet_group.redshift",
            "module.vpc.aws_route.database_internet_gateway",
            "module.vpc.aws_route.database_ipv6_egress",
            "module.vpc.aws_route.database_nat_gateway",
            "module.vpc.aws_route.private_ipv6_egress",
            "module.vpc.aws_route.private_nat_gateway",
            "module.vpc.aws_route.public_internet_gateway",
            "module.vpc.aws_route.public_internet_gateway_ipv6",
            "module.vpc.aws_route_table.database",
            "module.vpc.aws_route_table.elasticache",
            "module.vpc.aws_route_table.intra",
            "module.vpc.aws_route_table.private",
            "module.vpc.aws_route_table.public",
            "module.vpc.aws_route_table.redshift",
            "module.vpc.aws_route_table_association.database",
            "module.vpc.aws_route_table_association.elasticache",
            "module.vpc.aws_route_table_association.intra",
            "module.vpc.aws_route_table_association.outpost",
            "module.vpc.aws_route_table_association.private",
            "module.vpc.aws_route_table_association.public",
            "module.vpc.aws_route_table_association.redshift",
            "module.vpc.aws_route_table_association.redshift_public",
            "module.vpc.aws_subnet.database",
            "module.vpc.aws_subnet.elasticache",
            "module.vpc.aws_subnet.intra",
            "module.vpc.aws_subnet.outpost",
            "module.vpc.aws_subnet.private",
            "module.vpc.aws_subnet.public",
            "module.vpc.aws_subnet.redshift",
            "module.vpc.aws_vpc.this",
            "module.vpc.aws_vpc_dhcp_options.this",
            "module.vpc.aws_vpc_dhcp_options_association.this",
            "module.vpc.aws_vpc_endpoint.access_analyzer",
            "module.vpc.aws_vpc_endpoint.acm_pca",
            "module.vpc.aws_vpc_endpoint.apigw",
            "module.vpc.aws_vpc_endpoint.appmesh_envoy_management",
            "module.vpc.aws_vpc_endpoint.appstream_api",
            "module.vpc.aws_vpc_endpoint.appstream_streaming",
            "module.vpc.aws_vpc_endpoint.athena",
            "module.vpc.aws_vpc_endpoint.auto_scaling_plans",
            "module.vpc.aws_vpc_endpoint.cloud_directory",
            "module.vpc.aws_vpc_endpoint.cloudformation",
            "module.vpc.aws_vpc_endpoint.cloudtrail",
            "module.vpc.aws_vpc_endpoint.codeartifact_api",
            "module.vpc.aws_vpc_endpoint.codeartifact_repositories",
            "module.vpc.aws_vpc_endpoint.codebuild",
            "module.vpc.aws_vpc_endpoint.codecommit",
            "module.vpc.aws_vpc_endpoint.codedeploy",
            "module.vpc.aws_vpc_endpoint.codedeploy_commands_secure",
            "module.vpc.aws_vpc_endpoint.codepipeline",
            "module.vpc.aws_vpc_endpoint.config",
            "module.vpc.aws_vpc_endpoint.datasync",
            "module.vpc.aws_vpc_endpoint.dms",
            "module.vpc.aws_vpc_endpoint.dynamodb",
            "module.vpc.aws_vpc_endpoint.ebs",
            "module.vpc.aws_vpc_endpoint.ec2",
            "module.vpc.aws_vpc_endpoint.ec2_autoscaling",
            "module.vpc.aws_vpc_endpoint.ec2messages",
            "module.vpc.aws_vpc_endpoint.ecr_api",
            "module.vpc.aws_vpc_endpoint.ecr_dkr",
            "module.vpc.aws_vpc_endpoint.ecs",
            "module.vpc.aws_vpc_endpoint.ecs_agent",
            "module.vpc.aws_vpc_endpoint.ecs_telemetry",
            "module.vpc.aws_vpc_endpoint.efs",
            "module.vpc.aws_vpc_endpoint.elastic_inference_runtime",
            "module.vpc.aws_vpc_endpoint.elasticbeanstalk",
            "module.vpc.aws_vpc_endpoint.elasticbeanstalk_health",
            "module.vpc.aws_vpc_endpoint.elasticloadbalancing",
            "module.vpc.aws_vpc_endpoint.emr",
            "module.vpc.aws_vpc_endpoint.events",
            "module.vpc.aws_vpc_endpoint.git_codecommit",
            "module.vpc.aws_vpc_endpoint.glue",
            "module.vpc.aws_vpc_endpoint.kinesis_firehose",
            "module.vpc.aws_vpc_endpoint.kinesis_streams",
            "module.vpc.aws_vpc_endpoint.kms",
            "module.vpc.aws_vpc_endpoint.lambda",
            "module.vpc.aws_vpc_endpoint.logs",
            "module.vpc.aws_vpc_endpoint.monitoring",
            "module.vpc.aws_vpc_endpoint.qldb_session",
            "module.vpc.aws_vpc_endpoint.rds",
            "module.vpc.aws_vpc_endpoint.rekognition",
            "module.vpc.aws_vpc_endpoint.s3",
            "module.vpc.aws_vpc_endpoint.sagemaker_api",
            "module.vpc.aws_vpc_endpoint.sagemaker_notebook",
            "module.vpc.aws_vpc_endpoint.sagemaker_runtime",
            "module.vpc.aws_vpc_endpoint.secretsmanager",
            "module.vpc.aws_vpc_endpoint.servicecatalog",
            "module.vpc.aws_vpc_endpoint.ses",
            "module.vpc.aws_vpc_endpoint.sms",
            "module.vpc.aws_vpc_endpoint.sns",
            "module.vpc.aws_vpc_endpoint.sqs",
            "module.vpc.aws_vpc_endpoint.ssm",
            "module.vpc.aws_vpc_endpoint.ssmmessages",
            "module.vpc.aws_vpc_endpoint.states",
            "module.vpc.aws_vpc_endpoint.storagegateway",
            "module.vpc.aws_vpc_endpoint.sts",
            "module.vpc.aws_vpc_endpoint.textract",
            "module.vpc.aws_vpc_endpoint.transfer",
            "module.vpc.aws_vpc_endpoint.transferserver",
            "module.vpc.aws_vpc_endpoint.workspaces",
            "module.vpc.aws_vpc_endpoint_route_table_association.intra_dynamodb",
            "module.vpc.aws_vpc_endpoint_route_table_association.intra_s3",
            "module.vpc.aws_vpc_endpoint_route_table_association.private_dynamodb",
            "module.vpc.aws_vpc_endpoint_route_table_association.private_s3",
            "module.vpc.aws_vpc_endpoint_route_table_association.public_dynamodb",
            "module.vpc.aws_vpc_endpoint_route_table_association.public_s3",
            "module.vpc.aws_vpc_ipv4_cidr_block_association.this",
            "module.vpc.aws_vpn_gateway.this",
            "module.vpc.aws_vpn_gateway_attachment.this",
            "module.vpc.aws_vpn_gateway_route_propagation.intra",
            "module.vpc.aws_vpn_gateway_route_propagation.private",
            "module.vpc.aws_vpn_gateway_route_propagation.public",
            "module.vpc.data.aws_iam_policy_document.flow_log_cloudwatch_assume_role",
            "module.vpc.data.aws_iam_policy_document.vpc_flow_log_cloudwatch",
            "module.vpc.data.aws_vpc_endpoint_service.access_analyzer",
            "module.vpc.data.aws_vpc_endpoint_service.acm_pca",
            "module.vpc.data.aws_vpc_endpoint_service.apigw",
            "module.vpc.data.aws_vpc_endpoint_service.appmesh_envoy_management",
            "module.vpc.data.aws_vpc_endpoint_service.appstream_api",
            "module.vpc.data.aws_vpc_endpoint_service.appstream_streaming",
            "module.vpc.data.aws_vpc_endpoint_service.athena",
            "module.vpc.data.aws_vpc_endpoint_service.auto_scaling_plans",
            "module.vpc.data.aws_vpc_endpoint_service.cloud_directory",
            "module.vpc.data.aws_vpc_endpoint_service.cloudformation",
            "module.vpc.data.aws_vpc_endpoint_service.cloudtrail",
            "module.vpc.data.aws_vpc_endpoint_service.codeartifact_api",
            "module.vpc.data.aws_vpc_endpoint_service.codeartifact_repositories",
            "module.vpc.data.aws_vpc_endpoint_service.codebuild",
            "module.vpc.data.aws_vpc_endpoint_service.codecommit",
            "module.vpc.data.aws_vpc_endpoint_service.codedeploy",
            "module.vpc.data.aws_vpc_endpoint_service.codedeploy_commands_secure",
            "module.vpc.data.aws_vpc_endpoint_service.codepipeline",
            "module.vpc.data.aws_vpc_endpoint_service.config",
            "module.vpc.data.aws_vpc_endpoint_service.datasync",
            "module.vpc.data.aws_vpc_endpoint_service.dms",
            "module.vpc.data.aws_vpc_endpoint_service.dynamodb",
            "module.vpc.data.aws_vpc_endpoint_service.ebs",
            "module.vpc.data.aws_vpc_endpoint_service.ec2",
            "module.vpc.data.aws_vpc_endpoint_service.ec2_autoscaling",
            "module.vpc.data.aws_vpc_endpoint_service.ec2messages",
            "module.vpc.data.aws_vpc_endpoint_service.ecr_api",
            "module.vpc.data.aws_vpc_endpoint_service.ecr_dkr",
            "module.vpc.data.aws_vpc_endpoint_service.ecs",
            "module.vpc.data.aws_vpc_endpoint_service.ecs_agent",
            "module.vpc.data.aws_vpc_endpoint_service.ecs_telemetry",
            "module.vpc.data.aws_vpc_endpoint_service.efs",
            "module.vpc.data.aws_vpc_endpoint_service.elastic_inference_runtime",
            "module.vpc.data.aws_vpc_endpoint_service.elasticbeanstalk",
            "module.vpc.data.aws_vpc_endpoint_service.elasticbeanstalk_health",
            "module.vpc.data.aws_vpc_endpoint_service.elasticloadbalancing",
            "module.vpc.data.aws_vpc_endpoint_service.emr",
            "module.vpc.data.aws_vpc_endpoint_service.events",
            "module.vpc.data.aws_vpc_endpoint_service.git_codecommit",
            "module.vpc.data.aws_vpc_endpoint_service.glue",
            "module.vpc.data.aws_vpc_endpoint_service.kinesis_firehose",
            "module.vpc.data.aws_vpc_endpoint_service.kinesis_streams",
            "module.vpc.data.aws_vpc_endpoint_service.kms",
            "module.vpc.data.aws_vpc_endpoint_service.lambda",
            "module.vpc.data.aws_vpc_endpoint_service.logs",
            "module.vpc.data.aws_vpc_endpoint_service.monitoring",
            "module.vpc.data.aws_vpc_endpoint_service.qldb_session",
            "module.vpc.data.aws_vpc_endpoint_service.rds",
            "module.vpc.data.aws_vpc_endpoint_service.rekognition",
            "module.vpc.data.aws_vpc_endpoint_service.s3",
            "module.vpc.data.aws_vpc_endpoint_service.sagemaker_api",
            "module.vpc.data.aws_vpc_endpoint_service.sagemaker_notebook",
            "module.vpc.data.aws_vpc_endpoint_service.sagemaker_runtime",
            "module.vpc.data.aws_vpc_endpoint_service.secretsmanager",
            "module.vpc.data.aws_vpc_endpoint_service.servicecatalog",
            "module.vpc.data.aws_vpc_endpoint_service.ses",
            "module.vpc.data.aws_vpc_endpoint_service.sms",
            "module.vpc.data.aws_vpc_endpoint_service.sns",
            "module.vpc.data.aws_vpc_endpoint_service.sqs",
            "module.vpc.data.aws_vpc_endpoint_service.ssm",
            "module.vpc.data.aws_vpc_endpoint_service.ssmmessages",
            "module.vpc.data.aws_vpc_endpoint_service.states",
            "module.vpc.data.aws_vpc_endpoint_service.storagegateway",
            "module.vpc.data.aws_vpc_endpoint_service.sts",
            "module.vpc.data.aws_vpc_endpoint_service.textract",
            "module.vpc.data.aws_vpc_endpoint_service.transfer",
            "module.vpc.data.aws_vpc_endpoint_service.transferserver",
            "module.vpc.data.aws_vpc_endpoint_service.workspaces"
          ]
        }
      ]
    },
    {
      "mode": "managed",
      "type": "null_resource",
      "name": "name",
      "provider": "provider[\"registry.terraform.io/hashicorp/null\"]",
      "instances": [
        {
          "schema_version": 0,
          "attributes": {
            "id": "392296534",
            "triggers": null
          },
          "sensitive_attributes": [],
          "private": "bnVsbA==",
          "dependencies": [
            "aws_eip.bastion_eip",
            "data.aws_ami.myami",
            "module.public_bastion_sg.aws_security_group.this",
            "module.public_bastion_sg.aws_security_group.this_name_prefix",
            "module.public_ec2_instance.aws_instance.this",
            "module.vpc.aws_subnet.public"
          ]
        }
      ]
    },
    {
      "module": "module.private_ec2_instance",
      "mode": "managed",
      "type": "aws_instance",
      "name": "this",
      "provider": "provider[\"registry.terraform.io/hashicorp/aws\"]",
      "instances": [
        {
          "index_key": 0,
          "schema_version": 1,
          "attributes": {
            "ami": "ami-0cff7528ff583bf9a",
            "arn": "arn:aws:ec2:us-east-1:643077234078:instance/i-0f4326b123a5d21b1",
            "associate_public_ip_address": false,
            "availability_zone": "us-east-1a",
            "capacity_reservation_specification": [
              {
                "capacity_reservation_preference": "open",
                "capacity_reservation_target": []
              }
            ],
            "cpu_core_count": 1,
            "cpu_threads_per_core": 1,
            "credit_specification": [
              {
                "cpu_credits": "standard"
              }
            ],
            "disable_api_termination": false,
            "ebs_block_device": [],
            "ebs_optimized": false,
            "enclave_options": [
              {
                "enabled": false
              }
            ],
            "ephemeral_block_device": [],
            "get_password_data": false,
            "hibernation": false,
            "host_id": null,
            "iam_instance_profile": "",
            "id": "i-0f4326b123a5d21b1",
            "instance_initiated_shutdown_behavior": "stop",
            "instance_state": "running",
            "instance_type": "t2.micro",
            "ipv6_address_count": 0,
            "ipv6_addresses": [],
            "key_name": "terraform-key",
            "launch_template": [],
            "maintenance_options": [
              {
                "auto_recovery": "default"
              }
            ],
            "metadata_options": [
              {
                "http_endpoint": "enabled",
                "http_put_response_hop_limit": 1,
                "http_tokens": "optional",
                "instance_metadata_tags": "disabled"
              }
            ],
            "monitoring": false,
            "network_interface": [],
            "outpost_arn": "",
            "password_data": "",
            "placement_group": "",
            "placement_partition_number": null,
            "primary_network_interface_id": "eni-05089d1399b63d0e4",
            "private_dns": "ip-10-0-1-38.ec2.internal",
            "private_ip": "10.0.1.38",
            "public_dns": "",
            "public_ip": "",
            "root_block_device": [
              {
                "delete_on_termination": true,
                "device_name": "/dev/xvda",
                "encrypted": false,
                "iops": 100,
                "kms_key_id": "",
                "tags": {},
                "throughput": 0,
                "volume_id": "vol-0eb614ae3c9be0d3d",
                "volume_size": 8,
                "volume_type": "gp2"
              }
            ],
            "secondary_private_ips": [],
            "security_groups": [],
            "source_dest_check": true,
            "subnet_id": "subnet-00e53ae3fc7206db0",
            "tags": {
              "Name": "private-ec2-instance",
              "environment": "prod",
              "owners": "PR"
            },
            "tags_all": {
              "Name": "private-ec2-instance",
              "environment": "prod",
              "owners": "PR"
            },
            "tenancy": "default",
            "timeouts": null,
            "user_data": "d97d5633be9128edfb2f720b219becd948ceb5f9",
            "user_data_base64": null,
            "user_data_replace_on_change": false,
            "volume_tags": {
              "Name": "private-ec2-instance"
            },
            "vpc_security_group_ids": [
              "sg-00d20397a1d558c33"
            ]
          },
          "sensitive_attributes": [],
          "private": "eyJlMmJmYjczMC1lY2FhLTExZTYtOGY4OC0zNDM2M2JjN2M0YzAiOnsiY3JlYXRlIjo2MDAwMDAwMDAwMDAsImRlbGV0ZSI6MTIwMDAwMDAwMDAwMCwidXBkYXRlIjo2MDAwMDAwMDAwMDB9LCJzY2hlbWFfdmVyc2lvbiI6IjEifQ==",
          "dependencies": [
            "data.aws_ami.myami",
            "module.private_sg.aws_security_group.this",
            "module.private_sg.aws_security_group.this_name_prefix",
            "module.vpc.aws_cloudwatch_log_group.flow_log",
            "module.vpc.aws_customer_gateway.this",
            "module.vpc.aws_db_subnet_group.database",
            "module.vpc.aws_default_network_acl.this",
            "module.vpc.aws_default_route_table.default",
            "module.vpc.aws_default_security_group.this",
            "module.vpc.aws_default_vpc.this",
            "module.vpc.aws_egress_only_internet_gateway.this",
            "module.vpc.aws_eip.nat",
            "module.vpc.aws_elasticache_subnet_group.elasticache",
            "module.vpc.aws_flow_log.this",
            "module.vpc.aws_iam_policy.vpc_flow_log_cloudwatch",
            "module.vpc.aws_iam_role.vpc_flow_log_cloudwatch",
            "module.vpc.aws_iam_role_policy_attachment.vpc_flow_log_cloudwatch",
            "module.vpc.aws_internet_gateway.this",
            "module.vpc.aws_nat_gateway.this",
            "module.vpc.aws_network_acl.database",
            "module.vpc.aws_network_acl.elasticache",
            "module.vpc.aws_network_acl.intra",
            "module.vpc.aws_network_acl.outpost",
            "module.vpc.aws_network_acl.private",
            "module.vpc.aws_network_acl.public",
            "module.vpc.aws_network_acl.redshift",
            "module.vpc.aws_network_acl_rule.database_inbound",
            "module.vpc.aws_network_acl_rule.database_outbound",
            "module.vpc.aws_network_acl_rule.elasticache_inbound",
            "module.vpc.aws_network_acl_rule.elasticache_outbound",
            "module.vpc.aws_network_acl_rule.intra_inbound",
            "module.vpc.aws_network_acl_rule.intra_outbound",
            "module.vpc.aws_network_acl_rule.outpost_inbound",
            "module.vpc.aws_network_acl_rule.outpost_outbound",
            "module.vpc.aws_network_acl_rule.private_inbound",
            "module.vpc.aws_network_acl_rule.private_outbound",
            "module.vpc.aws_network_acl_rule.public_inbound",
            "module.vpc.aws_network_acl_rule.public_outbound",
            "module.vpc.aws_network_acl_rule.redshift_inbound",
            "module.vpc.aws_network_acl_rule.redshift_outbound",
            "module.vpc.aws_redshift_subnet_group.redshift",
            "module.vpc.aws_route.database_internet_gateway",
            "module.vpc.aws_route.database_ipv6_egress",
            "module.vpc.aws_route.database_nat_gateway",
            "module.vpc.aws_route.private_ipv6_egress",
            "module.vpc.aws_route.private_nat_gateway",
            "module.vpc.aws_route.public_internet_gateway",
            "module.vpc.aws_route.public_internet_gateway_ipv6",
            "module.vpc.aws_route_table.database",
            "module.vpc.aws_route_table.elasticache",
            "module.vpc.aws_route_table.intra",
            "module.vpc.aws_route_table.private",
            "module.vpc.aws_route_table.public",
            "module.vpc.aws_route_table.redshift",
            "module.vpc.aws_route_table_association.database",
            "module.vpc.aws_route_table_association.elasticache",
            "module.vpc.aws_route_table_association.intra",
            "module.vpc.aws_route_table_association.outpost",
            "module.vpc.aws_route_table_association.private",
            "module.vpc.aws_route_table_association.public",
            "module.vpc.aws_route_table_association.redshift",
            "module.vpc.aws_route_table_association.redshift_public",
            "module.vpc.aws_subnet.database",
            "module.vpc.aws_subnet.elasticache",
            "module.vpc.aws_subnet.intra",
            "module.vpc.aws_subnet.outpost",
            "module.vpc.aws_subnet.private",
            "module.vpc.aws_subnet.public",
            "module.vpc.aws_subnet.redshift",
            "module.vpc.aws_vpc.this",
            "module.vpc.aws_vpc_dhcp_options.this",
            "module.vpc.aws_vpc_dhcp_options_association.this",
            "module.vpc.aws_vpc_endpoint.access_analyzer",
            "module.vpc.aws_vpc_endpoint.acm_pca",
            "module.vpc.aws_vpc_endpoint.apigw",
            "module.vpc.aws_vpc_endpoint.appmesh_envoy_management",
            "module.vpc.aws_vpc_endpoint.appstream_api",
            "module.vpc.aws_vpc_endpoint.appstream_streaming",
            "module.vpc.aws_vpc_endpoint.athena",
            "module.vpc.aws_vpc_endpoint.auto_scaling_plans",
            "module.vpc.aws_vpc_endpoint.cloud_directory",
            "module.vpc.aws_vpc_endpoint.cloudformation",
            "module.vpc.aws_vpc_endpoint.cloudtrail",
            "module.vpc.aws_vpc_endpoint.codeartifact_api",
            "module.vpc.aws_vpc_endpoint.codeartifact_repositories",
            "module.vpc.aws_vpc_endpoint.codebuild",
            "module.vpc.aws_vpc_endpoint.codecommit",
            "module.vpc.aws_vpc_endpoint.codedeploy",
            "module.vpc.aws_vpc_endpoint.codedeploy_commands_secure",
            "module.vpc.aws_vpc_endpoint.codepipeline",
            "module.vpc.aws_vpc_endpoint.config",
            "module.vpc.aws_vpc_endpoint.datasync",
            "module.vpc.aws_vpc_endpoint.dms",
            "module.vpc.aws_vpc_endpoint.dynamodb",
            "module.vpc.aws_vpc_endpoint.ebs",
            "module.vpc.aws_vpc_endpoint.ec2",
            "module.vpc.aws_vpc_endpoint.ec2_autoscaling",
            "module.vpc.aws_vpc_endpoint.ec2messages",
            "module.vpc.aws_vpc_endpoint.ecr_api",
            "module.vpc.aws_vpc_endpoint.ecr_dkr",
            "module.vpc.aws_vpc_endpoint.ecs",
            "module.vpc.aws_vpc_endpoint.ecs_agent",
            "module.vpc.aws_vpc_endpoint.ecs_telemetry",
            "module.vpc.aws_vpc_endpoint.efs",
            "module.vpc.aws_vpc_endpoint.elastic_inference_runtime",
            "module.vpc.aws_vpc_endpoint.elasticbeanstalk",
            "module.vpc.aws_vpc_endpoint.elasticbeanstalk_health",
            "module.vpc.aws_vpc_endpoint.elasticloadbalancing",
            "module.vpc.aws_vpc_endpoint.emr",
            "module.vpc.aws_vpc_endpoint.events",
            "module.vpc.aws_vpc_endpoint.git_codecommit",
            "module.vpc.aws_vpc_endpoint.glue",
            "module.vpc.aws_vpc_endpoint.kinesis_firehose",
            "module.vpc.aws_vpc_endpoint.kinesis_streams",
            "module.vpc.aws_vpc_endpoint.kms",
            "module.vpc.aws_vpc_endpoint.lambda",
            "module.vpc.aws_vpc_endpoint.logs",
            "module.vpc.aws_vpc_endpoint.monitoring",
            "module.vpc.aws_vpc_endpoint.qldb_session",
            "module.vpc.aws_vpc_endpoint.rds",
            "module.vpc.aws_vpc_endpoint.rekognition",
            "module.vpc.aws_vpc_endpoint.s3",
            "module.vpc.aws_vpc_endpoint.sagemaker_api",
            "module.vpc.aws_vpc_endpoint.sagemaker_notebook",
            "module.vpc.aws_vpc_endpoint.sagemaker_runtime",
            "module.vpc.aws_vpc_endpoint.secretsmanager",
            "module.vpc.aws_vpc_endpoint.servicecatalog",
            "module.vpc.aws_vpc_endpoint.ses",
            "module.vpc.aws_vpc_endpoint.sms",
            "module.vpc.aws_vpc_endpoint.sns",
            "module.vpc.aws_vpc_endpoint.sqs",
            "module.vpc.aws_vpc_endpoint.ssm",
            "module.vpc.aws_vpc_endpoint.ssmmessages",
            "module.vpc.aws_vpc_endpoint.states",
            "module.vpc.aws_vpc_endpoint.storagegateway",
            "module.vpc.aws_vpc_endpoint.sts",
            "module.vpc.aws_vpc_endpoint.textract",
            "module.vpc.aws_vpc_endpoint.transfer",
            "module.vpc.aws_vpc_endpoint.transferserver",
            "module.vpc.aws_vpc_endpoint.workspaces",
            "module.vpc.aws_vpc_endpoint_route_table_association.intra_dynamodb",
            "module.vpc.aws_vpc_endpoint_route_table_association.intra_s3",
            "module.vpc.aws_vpc_endpoint_route_table_association.private_dynamodb",
            "module.vpc.aws_vpc_endpoint_route_table_association.private_s3",
            "module.vpc.aws_vpc_endpoint_route_table_association.public_dynamodb",
            "module.vpc.aws_vpc_endpoint_route_table_association.public_s3",
            "module.vpc.aws_vpc_ipv4_cidr_block_association.this",
            "module.vpc.aws_vpn_gateway.this",
            "module.vpc.aws_vpn_gateway_attachment.this",
            "module.vpc.aws_vpn_gateway_route_propagation.intra",
            "module.vpc.aws_vpn_gateway_route_propagation.private",
            "module.vpc.aws_vpn_gateway_route_propagation.public",
            "module.vpc.data.aws_iam_policy_document.flow_log_cloudwatch_assume_role",
            "module.vpc.data.aws_iam_policy_document.vpc_flow_log_cloudwatch",
            "module.vpc.data.aws_vpc_endpoint_service.access_analyzer",
            "module.vpc.data.aws_vpc_endpoint_service.acm_pca",
            "module.vpc.data.aws_vpc_endpoint_service.apigw",
            "module.vpc.data.aws_vpc_endpoint_service.appmesh_envoy_management",
            "module.vpc.data.aws_vpc_endpoint_service.appstream_api",
            "module.vpc.data.aws_vpc_endpoint_service.appstream_streaming",
            "module.vpc.data.aws_vpc_endpoint_service.athena",
            "module.vpc.data.aws_vpc_endpoint_service.auto_scaling_plans",
            "module.vpc.data.aws_vpc_endpoint_service.cloud_directory",
            "module.vpc.data.aws_vpc_endpoint_service.cloudformation",
            "module.vpc.data.aws_vpc_endpoint_service.cloudtrail",
            "module.vpc.data.aws_vpc_endpoint_service.codeartifact_api",
            "module.vpc.data.aws_vpc_endpoint_service.codeartifact_repositories",
            "module.vpc.data.aws_vpc_endpoint_service.codebuild",
            "module.vpc.data.aws_vpc_endpoint_service.codecommit",
            "module.vpc.data.aws_vpc_endpoint_service.codedeploy",
            "module.vpc.data.aws_vpc_endpoint_service.codedeploy_commands_secure",
            "module.vpc.data.aws_vpc_endpoint_service.codepipeline",
            "module.vpc.data.aws_vpc_endpoint_service.config",
            "module.vpc.data.aws_vpc_endpoint_service.datasync",
            "module.vpc.data.aws_vpc_endpoint_service.dms",
            "module.vpc.data.aws_vpc_endpoint_service.dynamodb",
            "module.vpc.data.aws_vpc_endpoint_service.ebs",
            "module.vpc.data.aws_vpc_endpoint_service.ec2",
            "module.vpc.data.aws_vpc_endpoint_service.ec2_autoscaling",
            "module.vpc.data.aws_vpc_endpoint_service.ec2messages",
            "module.vpc.data.aws_vpc_endpoint_service.ecr_api",
            "module.vpc.data.aws_vpc_endpoint_service.ecr_dkr",
            "module.vpc.data.aws_vpc_endpoint_service.ecs",
            "module.vpc.data.aws_vpc_endpoint_service.ecs_agent",
            "module.vpc.data.aws_vpc_endpoint_service.ecs_telemetry",
            "module.vpc.data.aws_vpc_endpoint_service.efs",
            "module.vpc.data.aws_vpc_endpoint_service.elastic_inference_runtime",
            "module.vpc.data.aws_vpc_endpoint_service.elasticbeanstalk",
            "module.vpc.data.aws_vpc_endpoint_service.elasticbeanstalk_health",
            "module.vpc.data.aws_vpc_endpoint_service.elasticloadbalancing",
            "module.vpc.data.aws_vpc_endpoint_service.emr",
            "module.vpc.data.aws_vpc_endpoint_service.events",
            "module.vpc.data.aws_vpc_endpoint_service.git_codecommit",
            "module.vpc.data.aws_vpc_endpoint_service.glue",
            "module.vpc.data.aws_vpc_endpoint_service.kinesis_firehose",
            "module.vpc.data.aws_vpc_endpoint_service.kinesis_streams",
            "module.vpc.data.aws_vpc_endpoint_service.kms",
            "module.vpc.data.aws_vpc_endpoint_service.lambda",
            "module.vpc.data.aws_vpc_endpoint_service.logs",
            "module.vpc.data.aws_vpc_endpoint_service.monitoring",
            "module.vpc.data.aws_vpc_endpoint_service.qldb_session",
            "module.vpc.data.aws_vpc_endpoint_service.rds",
            "module.vpc.data.aws_vpc_endpoint_service.rekognition",
            "module.vpc.data.aws_vpc_endpoint_service.s3",
            "module.vpc.data.aws_vpc_endpoint_service.sagemaker_api",
            "module.vpc.data.aws_vpc_endpoint_service.sagemaker_notebook",
            "module.vpc.data.aws_vpc_endpoint_service.sagemaker_runtime",
            "module.vpc.data.aws_vpc_endpoint_service.secretsmanager",
            "module.vpc.data.aws_vpc_endpoint_service.servicecatalog",
            "module.vpc.data.aws_vpc_endpoint_service.ses",
            "module.vpc.data.aws_vpc_endpoint_service.sms",
            "module.vpc.data.aws_vpc_endpoint_service.sns",
            "module.vpc.data.aws_vpc_endpoint_service.sqs",
            "module.vpc.data.aws_vpc_endpoint_service.ssm",
            "module.vpc.data.aws_vpc_endpoint_service.ssmmessages",
            "module.vpc.data.aws_vpc_endpoint_service.states",
            "module.vpc.data.aws_vpc_endpoint_service.storagegateway",
            "module.vpc.data.aws_vpc_endpoint_service.sts",
            "module.vpc.data.aws_vpc_endpoint_service.textract",
            "module.vpc.data.aws_vpc_endpoint_service.transfer",
            "module.vpc.data.aws_vpc_endpoint_service.transferserver",
            "module.vpc.data.aws_vpc_endpoint_service.workspaces"
          ]
        }
      ]
    },
    {
      "module": "module.private_sg",
      "mode": "managed",
      "type": "aws_security_group",
      "name": "this_name_prefix",
      "provider": "provider[\"registry.terraform.io/hashicorp/aws\"]",
      "instances": [
        {
          "index_key": 0,
          "schema_version": 1,
          "attributes": {
            "arn": "arn:aws:ec2:us-east-1:643077234078:security-group/sg-00d20397a1d558c33",
            "description": "security group for private instance",
            "egress": [
              {
                "cidr_blocks": [
                  "0.0.0.0/0"
                ],
                "description": "All protocols",
                "from_port": 0,
                "ipv6_cidr_blocks": [
                  "::/0"
                ],
                "prefix_list_ids": [],
                "protocol": "-1",
                "security_groups": [],
                "self": false,
                "to_port": 0
              }
            ],
            "id": "sg-00d20397a1d558c33",
            "ingress": [
              {
                "cidr_blocks": [
                  "10.0.0.0/16"
                ],
                "description": "HTTP",
                "from_port": 80,
                "ipv6_cidr_blocks": [],
                "prefix_list_ids": [],
                "protocol": "tcp",
                "security_groups": [],
                "self": false,
                "to_port": 80
              },
              {
                "cidr_blocks": [
                  "10.0.0.0/16"
                ],
                "description": "SSH",
                "from_port": 22,
                "ipv6_cidr_blocks": [],
                "prefix_list_ids": [],
                "protocol": "tcp",
                "security_groups": [],
                "self": false,
                "to_port": 22
              }
            ],
            "name": "private-sg-20220621174555946400000001",
            "name_prefix": "private-sg-",
            "owner_id": "643077234078",
            "revoke_rules_on_delete": false,
            "tags": {
              "Name": "private-sg",
              "environment": "prod",
              "owners": "PR"
            },
            "tags_all": {
              "Name": "private-sg",
              "environment": "prod",
              "owners": "PR"
            },
            "timeouts": null,
            "vpc_id": "vpc-05e23d1a8807d5015"
          },
          "sensitive_attributes": [],
          "private": "eyJlMmJmYjczMC1lY2FhLTExZTYtOGY4OC0zNDM2M2JjN2M0YzAiOnsiY3JlYXRlIjo2MDAwMDAwMDAwMDAsImRlbGV0ZSI6OTAwMDAwMDAwMDAwfSwic2NoZW1hX3ZlcnNpb24iOiIxIn0=",
          "dependencies": [
            "module.vpc.aws_vpc.this"
          ],
          "create_before_destroy": true
        }
      ]
    },
    {
      "module": "module.private_sg",
      "mode": "managed",
      "type": "aws_security_group_rule",
      "name": "egress_rules",
      "provider": "provider[\"registry.terraform.io/hashicorp/aws\"]",
      "instances": [
        {
          "index_key": 0,
          "schema_version": 2,
          "attributes": {
            "cidr_blocks": [
              "0.0.0.0/0"
            ],
            "description": "All protocols",
            "from_port": 0,
            "id": "sgrule-1632415732",
            "ipv6_cidr_blocks": [
              "::/0"
            ],
            "prefix_list_ids": [],
            "protocol": "-1",
            "security_group_id": "sg-00d20397a1d558c33",
            "self": false,
            "source_security_group_id": null,
            "to_port": 0,
            "type": "egress"
          },
          "sensitive_attributes": [],
          "private": "eyJzY2hlbWFfdmVyc2lvbiI6IjIifQ==",
          "dependencies": [
            "module.private_sg.aws_security_group.this",
            "module.private_sg.aws_security_group.this_name_prefix",
            "module.vpc.aws_vpc.this"
          ]
        }
      ]
    },
    {
      "module": "module.private_sg",
      "mode": "managed",
      "type": "aws_security_group_rule",
      "name": "ingress_rules",
      "provider": "provider[\"registry.terraform.io/hashicorp/aws\"]",
      "instances": [
        {
          "index_key": 0,
          "schema_version": 2,
          "attributes": {
            "cidr_blocks": [
              "10.0.0.0/16"
            ],
            "description": "SSH",
            "from_port": 22,
            "id": "sgrule-1854903460",
            "ipv6_cidr_blocks": [],
            "prefix_list_ids": [],
            "protocol": "tcp",
            "security_group_id": "sg-00d20397a1d558c33",
            "self": false,
            "source_security_group_id": null,
            "to_port": 22,
            "type": "ingress"
          },
          "sensitive_attributes": [],
          "private": "eyJzY2hlbWFfdmVyc2lvbiI6IjIifQ==",
          "dependencies": [
            "module.private_sg.aws_security_group.this",
            "module.private_sg.aws_security_group.this_name_prefix",
            "module.vpc.aws_vpc.this"
          ]
        },
        {
          "index_key": 1,
          "schema_version": 2,
          "attributes": {
            "cidr_blocks": [
              "10.0.0.0/16"
            ],
            "description": "HTTP",
            "from_port": 80,
            "id": "sgrule-488155746",
            "ipv6_cidr_blocks": [],
            "prefix_list_ids": [],
            "protocol": "tcp",
            "security_group_id": "sg-00d20397a1d558c33",
            "self": false,
            "source_security_group_id": null,
            "to_port": 80,
            "type": "ingress"
          },
          "sensitive_attributes": [],
          "private": "eyJzY2hlbWFfdmVyc2lvbiI6IjIifQ==",
          "dependencies": [
            "module.private_sg.aws_security_group.this",
            "module.private_sg.aws_security_group.this_name_prefix",
            "module.vpc.aws_vpc.this"
          ]
        }
      ]
    },
    {
      "module": "module.public_bastion_sg",
      "mode": "managed",
      "type": "aws_security_group",
      "name": "this_name_prefix",
      "provider": "provider[\"registry.terraform.io/hashicorp/aws\"]",
      "instances": [
        {
          "index_key": 0,
          "schema_version": 1,
          "attributes": {
            "arn": "arn:aws:ec2:us-east-1:643077234078:security-group/sg-0eeaf8b686087e67e",
            "description": "security group for bastion instance",
            "egress": [
              {
                "cidr_blocks": [
                  "0.0.0.0/0"
                ],
                "description": "All protocols",
                "from_port": 0,
                "ipv6_cidr_blocks": [
                  "::/0"
                ],
                "prefix_list_ids": [],
                "protocol": "-1",
                "security_groups": [],
                "self": false,
                "to_port": 0
              }
            ],
            "id": "sg-0eeaf8b686087e67e",
            "ingress": [
              {
                "cidr_blocks": [
                  "0.0.0.0/0"
                ],
                "description": "SSH",
                "from_port": 22,
                "ipv6_cidr_blocks": [],
                "prefix_list_ids": [],
                "protocol": "tcp",
                "security_groups": [],
                "self": false,
                "to_port": 22
              }
            ],
            "name": "public-bastion-sg-20220621174556115000000002",
            "name_prefix": "public-bastion-sg-",
            "owner_id": "643077234078",
            "revoke_rules_on_delete": false,
            "tags": {
              "Name": "public-bastion-sg",
              "environment": "prod",
              "owners": "PR"
            },
            "tags_all": {
              "Name": "public-bastion-sg",
              "environment": "prod",
              "owners": "PR"
            },
            "timeouts": null,
            "vpc_id": "vpc-05e23d1a8807d5015"
          },
          "sensitive_attributes": [],
          "private": "eyJlMmJmYjczMC1lY2FhLTExZTYtOGY4OC0zNDM2M2JjN2M0YzAiOnsiY3JlYXRlIjo2MDAwMDAwMDAwMDAsImRlbGV0ZSI6OTAwMDAwMDAwMDAwfSwic2NoZW1hX3ZlcnNpb24iOiIxIn0=",
          "dependencies": [
            "module.vpc.aws_vpc.this"
          ],
          "create_before_destroy": true
        }
      ]
    },
    {
      "module": "module.public_bastion_sg",
      "mode": "managed",
      "type": "aws_security_group_rule",
      "name": "egress_rules",
      "provider": "provider[\"registry.terraform.io/hashicorp/aws\"]",
      "instances": [
        {
          "index_key": 0,
          "schema_version": 2,
          "attributes": {
            "cidr_blocks": [
              "0.0.0.0/0"
            ],
            "description": "All protocols",
            "from_port": 0,
            "id": "sgrule-1611164148",
            "ipv6_cidr_blocks": [
              "::/0"
            ],
            "prefix_list_ids": [],
            "protocol": "-1",
            "security_group_id": "sg-0eeaf8b686087e67e",
            "self": false,
            "source_security_group_id": null,
            "to_port": 0,
            "type": "egress"
          },
          "sensitive_attributes": [],
          "private": "eyJzY2hlbWFfdmVyc2lvbiI6IjIifQ==",
          "dependencies": [
            "module.public_bastion_sg.aws_security_group.this",
            "module.public_bastion_sg.aws_security_group.this_name_prefix",
            "module.vpc.aws_vpc.this"
          ]
        }
      ]
    },
    {
      "module": "module.public_bastion_sg",
      "mode": "managed",
      "type": "aws_security_group_rule",
      "name": "ingress_rules",
      "provider": "provider[\"registry.terraform.io/hashicorp/aws\"]",
      "instances": [
        {
          "index_key": 0,
          "schema_version": 2,
          "attributes": {
            "cidr_blocks": [
              "0.0.0.0/0"
            ],
            "description": "SSH",
            "from_port": 22,
            "id": "sgrule-949001982",
            "ipv6_cidr_blocks": [],
            "prefix_list_ids": [],
            "protocol": "tcp",
            "security_group_id": "sg-0eeaf8b686087e67e",
            "self": false,
            "source_security_group_id": null,
            "to_port": 22,
            "type": "ingress"
          },
          "sensitive_attributes": [],
          "private": "eyJzY2hlbWFfdmVyc2lvbiI6IjIifQ==",
          "dependencies": [
            "module.public_bastion_sg.aws_security_group.this",
            "module.public_bastion_sg.aws_security_group.this_name_prefix",
            "module.vpc.aws_vpc.this"
          ]
        }
      ]
    },
    {
      "module": "module.public_ec2_instance",
      "mode": "managed",
      "type": "aws_instance",
      "name": "this",
      "provider": "provider[\"registry.terraform.io/hashicorp/aws\"]",
      "instances": [
        {
          "index_key": 0,
          "schema_version": 1,
          "attributes": {
            "ami": "ami-0cff7528ff583bf9a",
            "arn": "arn:aws:ec2:us-east-1:643077234078:instance/i-0d741380f8f092783",
            "associate_public_ip_address": true,
            "availability_zone": "us-east-1a",
            "capacity_reservation_specification": [
              {
                "capacity_reservation_preference": "open",
                "capacity_reservation_target": []
              }
            ],
            "cpu_core_count": 1,
            "cpu_threads_per_core": 1,
            "credit_specification": [
              {
                "cpu_credits": "standard"
              }
            ],
            "disable_api_termination": false,
            "ebs_block_device": [],
            "ebs_optimized": false,
            "enclave_options": [
              {
                "enabled": false
              }
            ],
            "ephemeral_block_device": [],
            "get_password_data": false,
            "hibernation": false,
            "host_id": null,
            "iam_instance_profile": "",
            "id": "i-0d741380f8f092783",
            "instance_initiated_shutdown_behavior": "stop",
            "instance_state": "running",
            "instance_type": "t2.micro",
            "ipv6_address_count": 0,
            "ipv6_addresses": [],
            "key_name": "terraform-key",
            "launch_template": [],
            "maintenance_options": [
              {
                "auto_recovery": "default"
              }
            ],
            "metadata_options": [
              {
                "http_endpoint": "enabled",
                "http_put_response_hop_limit": 1,
                "http_tokens": "optional",
                "instance_metadata_tags": "disabled"
              }
            ],
            "monitoring": false,
            "network_interface": [],
            "outpost_arn": "",
            "password_data": "",
            "placement_group": "",
            "placement_partition_number": null,
            "primary_network_interface_id": "eni-0aefdde5c299d9d8b",
            "private_dns": "ip-10-0-101-179.ec2.internal",
            "private_ip": "10.0.101.179",
            "public_dns": "ec2-34-232-9-61.compute-1.amazonaws.com",
            "public_ip": "34.232.9.61",
            "root_block_device": [
              {
                "delete_on_termination": true,
                "device_name": "/dev/xvda",
                "encrypted": false,
                "iops": 100,
                "kms_key_id": "",
                "tags": {},
                "throughput": 0,
                "volume_id": "vol-0f685bf31bca58d6b",
                "volume_size": 8,
                "volume_type": "gp2"
              }
            ],
            "secondary_private_ips": [],
            "security_groups": [],
            "source_dest_check": true,
            "subnet_id": "subnet-084e59bdc271ec0f2",
            "tags": {
              "Name": "bastion-host",
              "environment": "prod",
              "owners": "PR"
            },
            "tags_all": {
              "Name": "bastion-host",
              "environment": "prod",
              "owners": "PR"
            },
            "tenancy": "default",
            "timeouts": null,
            "user_data": null,
            "user_data_base64": null,
            "user_data_replace_on_change": false,
            "volume_tags": {
              "Name": "bastion-host"
            },
            "vpc_security_group_ids": [
              "sg-0eeaf8b686087e67e"
            ]
          },
          "sensitive_attributes": [],
          "private": "eyJlMmJmYjczMC1lY2FhLTExZTYtOGY4OC0zNDM2M2JjN2M0YzAiOnsiY3JlYXRlIjo2MDAwMDAwMDAwMDAsImRlbGV0ZSI6MTIwMDAwMDAwMDAwMCwidXBkYXRlIjo2MDAwMDAwMDAwMDB9LCJzY2hlbWFfdmVyc2lvbiI6IjEifQ==",
          "dependencies": [
            "data.aws_ami.myami",
            "module.public_bastion_sg.aws_security_group.this",
            "module.public_bastion_sg.aws_security_group.this_name_prefix",
            "module.vpc.aws_subnet.public",
            "module.vpc.aws_vpc.this",
            "module.vpc.aws_vpc_ipv4_cidr_block_association.this"
          ]
        }
      ]
    },
    {
      "module": "module.vpc",
      "mode": "managed",
      "type": "aws_db_subnet_group",
      "name": "database",
      "provider": "provider[\"registry.terraform.io/hashicorp/aws\"]",
      "instances": [
        {
          "index_key": 0,
          "schema_version": 0,
          "attributes": {
            "arn": "arn:aws:rds:us-east-1:643077234078:subgrp:pr-prod-myvpc",
            "description": "Database subnet group for PR-prod-myvpc",
            "id": "pr-prod-myvpc",
            "name": "pr-prod-myvpc",
            "name_prefix": null,
            "subnet_ids": [
              "subnet-01961c0593e0c9a04",
              "subnet-05c1888c0611ab33e"
            ],
            "tags": {
              "Name": "PR-prod-myvpc",
              "environment": "prod",
              "owners": "PR"
            },
            "tags_all": {
              "Name": "PR-prod-myvpc",
              "environment": "prod",
              "owners": "PR"
            }
          },
          "sensitive_attributes": [],
          "private": "bnVsbA==",
          "dependencies": [
            "module.vpc.aws_subnet.database",
            "module.vpc.aws_vpc.this",
            "module.vpc.aws_vpc_ipv4_cidr_block_association.this"
          ]
        }
      ]
    },
    {
      "module": "module.vpc",
      "mode": "managed",
      "type": "aws_eip",
      "name": "nat",
      "provider": "provider[\"registry.terraform.io/hashicorp/aws\"]",
      "instances": [
        {
          "index_key": 0,
          "schema_version": 0,
          "attributes": {
            "address": null,
            "allocation_id": "eipalloc-05679162bd309c4f3",
            "associate_with_private_ip": null,
            "association_id": "eipassoc-0b54794efbcb3bc09",
            "carrier_ip": "",
            "customer_owned_ip": "",
            "customer_owned_ipv4_pool": "",
            "domain": "vpc",
            "id": "eipalloc-05679162bd309c4f3",
            "instance": "",
            "network_border_group": "us-east-1",
            "network_interface": "eni-0f94f7ad0bafeaebb",
            "private_dns": "ip-10-0-101-138.ec2.internal",
            "private_ip": "10.0.101.138",
            "public_dns": "ec2-3-211-90-130.compute-1.amazonaws.com",
            "public_ip": "3.211.90.130",
            "public_ipv4_pool": "amazon",
            "tags": {
              "Name": "PR-prod-myvpc-us-east-1a",
              "environment": "prod",
              "owners": "PR"
            },
            "tags_all": {
              "Name": "PR-prod-myvpc-us-east-1a",
              "environment": "prod",
              "owners": "PR"
            },
            "timeouts": null,
            "vpc": true
          },
          "sensitive_attributes": [],
          "private": "eyJlMmJmYjczMC1lY2FhLTExZTYtOGY4OC0zNDM2M2JjN2M0YzAiOnsiZGVsZXRlIjoxODAwMDAwMDAwMDAsInJlYWQiOjkwMDAwMDAwMDAwMCwidXBkYXRlIjozMDAwMDAwMDAwMDB9fQ=="
        }
      ]
    },
    {
      "module": "module.vpc",
      "mode": "managed",
      "type": "aws_internet_gateway",
      "name": "this",
      "provider": "provider[\"registry.terraform.io/hashicorp/aws\"]",
      "instances": [
        {
          "index_key": 0,
          "schema_version": 0,
          "attributes": {
            "arn": "arn:aws:ec2:us-east-1:643077234078:internet-gateway/igw-09a94bf0ba9d7b598",
            "id": "igw-09a94bf0ba9d7b598",
            "owner_id": "643077234078",
            "tags": {
              "Name": "PR-prod-myvpc",
              "environment": "prod",
              "owners": "PR"
            },
            "tags_all": {
              "Name": "PR-prod-myvpc",
              "environment": "prod",
              "owners": "PR"
            },
            "vpc_id": "vpc-05e23d1a8807d5015"
          },
          "sensitive_attributes": [],
          "private": "bnVsbA==",
          "dependencies": [
            "module.vpc.aws_vpc.this",
            "module.vpc.aws_vpc_ipv4_cidr_block_association.this"
          ]
        }
      ]
    },
    {
      "module": "module.vpc",
      "mode": "managed",
      "type": "aws_nat_gateway",
      "name": "this",
      "provider": "provider[\"registry.terraform.io/hashicorp/aws\"]",
      "instances": [
        {
          "index_key": 0,
          "schema_version": 0,
          "attributes": {
            "allocation_id": "eipalloc-05679162bd309c4f3",
            "connectivity_type": "public",
            "id": "nat-0d65fa1f2195938df",
            "network_interface_id": "eni-0f94f7ad0bafeaebb",
            "private_ip": "10.0.101.138",
            "public_ip": "3.211.90.130",
            "subnet_id": "subnet-084e59bdc271ec0f2",
            "tags": {
              "Name": "PR-prod-myvpc-us-east-1a",
              "environment": "prod",
              "owners": "PR"
            },
            "tags_all": {
              "Name": "PR-prod-myvpc-us-east-1a",
              "environment": "prod",
              "owners": "PR"
            }
          },
          "sensitive_attributes": [],
          "private": "bnVsbA==",
          "dependencies": [
            "module.vpc.aws_eip.nat",
            "module.vpc.aws_internet_gateway.this",
            "module.vpc.aws_subnet.public",
            "module.vpc.aws_vpc.this",
            "module.vpc.aws_vpc_ipv4_cidr_block_association.this"
          ]
        }
      ]
    },
    {
      "module": "module.vpc",
      "mode": "managed",
      "type": "aws_route",
      "name": "private_nat_gateway",
      "provider": "provider[\"registry.terraform.io/hashicorp/aws\"]",
      "instances": [
        {
          "index_key": 0,
          "schema_version": 0,
          "attributes": {
            "carrier_gateway_id": "",
            "core_network_arn": "",
            "destination_cidr_block": "0.0.0.0/0",
            "destination_ipv6_cidr_block": "",
            "destination_prefix_list_id": "",
            "egress_only_gateway_id": "",
            "gateway_id": "",
            "id": "r-rtb-0ec9f0f48cbc4be871080289494",
            "instance_id": "",
            "instance_owner_id": "",
            "local_gateway_id": "",
            "nat_gateway_id": "nat-0d65fa1f2195938df",
            "network_interface_id": "",
            "origin": "CreateRoute",
            "route_table_id": "rtb-0ec9f0f48cbc4be87",
            "state": "active",
            "timeouts": {
              "create": "5m",
              "delete": null,
              "update": null
            },
            "transit_gateway_id": "",
            "vpc_endpoint_id": "",
            "vpc_peering_connection_id": ""
          },
          "sensitive_attributes": [],
          "private": "eyJlMmJmYjczMC1lY2FhLTExZTYtOGY4OC0zNDM2M2JjN2M0YzAiOnsiY3JlYXRlIjozMDAwMDAwMDAwMDAsImRlbGV0ZSI6MzAwMDAwMDAwMDAwLCJ1cGRhdGUiOjEyMDAwMDAwMDAwMH19",
          "dependencies": [
            "module.vpc.aws_eip.nat",
            "module.vpc.aws_internet_gateway.this",
            "module.vpc.aws_nat_gateway.this",
            "module.vpc.aws_route_table.private",
            "module.vpc.aws_subnet.public",
            "module.vpc.aws_vpc.this",
            "module.vpc.aws_vpc_ipv4_cidr_block_association.this"
          ]
        }
      ]
    },
    {
      "module": "module.vpc",
      "mode": "managed",
      "type": "aws_route",
      "name": "public_internet_gateway",
      "provider": "provider[\"registry.terraform.io/hashicorp/aws\"]",
      "instances": [
        {
          "index_key": 0,
          "schema_version": 0,
          "attributes": {
            "carrier_gateway_id": "",
            "core_network_arn": "",
            "destination_cidr_block": "0.0.0.0/0",
            "destination_ipv6_cidr_block": "",
            "destination_prefix_list_id": "",
            "egress_only_gateway_id": "",
            "gateway_id": "igw-09a94bf0ba9d7b598",
            "id": "r-rtb-095f04ed9f90843d71080289494",
            "instance_id": "",
            "instance_owner_id": "",
            "local_gateway_id": "",
            "nat_gateway_id": "",
            "network_interface_id": "",
            "origin": "CreateRoute",
            "route_table_id": "rtb-095f04ed9f90843d7",
            "state": "active",
            "timeouts": {
              "create": "5m",
              "delete": null,
              "update": null
            },
            "transit_gateway_id": "",
            "vpc_endpoint_id": "",
            "vpc_peering_connection_id": ""
          },
          "sensitive_attributes": [],
          "private": "eyJlMmJmYjczMC1lY2FhLTExZTYtOGY4OC0zNDM2M2JjN2M0YzAiOnsiY3JlYXRlIjozMDAwMDAwMDAwMDAsImRlbGV0ZSI6MzAwMDAwMDAwMDAwLCJ1cGRhdGUiOjEyMDAwMDAwMDAwMH19",
          "dependencies": [
            "module.vpc.aws_internet_gateway.this",
            "module.vpc.aws_route_table.public",
            "module.vpc.aws_vpc.this",
            "module.vpc.aws_vpc_ipv4_cidr_block_association.this"
          ]
        }
      ]
    },
    {
      "module": "module.vpc",
      "mode": "managed",
      "type": "aws_route_table",
      "name": "database",
      "provider": "provider[\"registry.terraform.io/hashicorp/aws\"]",
      "instances": [
        {
          "index_key": 0,
          "schema_version": 0,
          "attributes": {
            "arn": "arn:aws:ec2:us-east-1:643077234078:route-table/rtb-02505460155cfdb8a",
            "id": "rtb-02505460155cfdb8a",
            "owner_id": "643077234078",
            "propagating_vgws": [],
            "route": [],
            "tags": {
              "Name": "PR-prod-myvpc-db",
              "environment": "prod",
              "owners": "PR"
            },
            "tags_all": {
              "Name": "PR-prod-myvpc-db",
              "environment": "prod",
              "owners": "PR"
            },
            "timeouts": null,
            "vpc_id": "vpc-05e23d1a8807d5015"
          },
          "sensitive_attributes": [],
          "private": "eyJlMmJmYjczMC1lY2FhLTExZTYtOGY4OC0zNDM2M2JjN2M0YzAiOnsiY3JlYXRlIjozMDAwMDAwMDAwMDAsImRlbGV0ZSI6MzAwMDAwMDAwMDAwLCJ1cGRhdGUiOjEyMDAwMDAwMDAwMH19",
          "dependencies": [
            "module.vpc.aws_vpc.this",
            "module.vpc.aws_vpc_ipv4_cidr_block_association.this"
          ]
        }
      ]
    },
    {
      "module": "module.vpc",
      "mode": "managed",
      "type": "aws_route_table",
      "name": "private",
      "provider": "provider[\"registry.terraform.io/hashicorp/aws\"]",
      "instances": [
        {
          "index_key": 0,
          "schema_version": 0,
          "attributes": {
            "arn": "arn:aws:ec2:us-east-1:643077234078:route-table/rtb-0ec9f0f48cbc4be87",
            "id": "rtb-0ec9f0f48cbc4be87",
            "owner_id": "643077234078",
            "propagating_vgws": [],
            "route": [
              {
                "carrier_gateway_id": "",
                "cidr_block": "0.0.0.0/0",
                "core_network_arn": "",
                "destination_prefix_list_id": "",
                "egress_only_gateway_id": "",
                "gateway_id": "",
                "instance_id": "",
                "ipv6_cidr_block": "",
                "local_gateway_id": "",
                "nat_gateway_id": "nat-0d65fa1f2195938df",
                "network_interface_id": "",
                "transit_gateway_id": "",
                "vpc_endpoint_id": "",
                "vpc_peering_connection_id": ""
              }
            ],
            "tags": {
              "Name": "PR-prod-myvpc-private",
              "environment": "prod",
              "owners": "PR"
            },
            "tags_all": {
              "Name": "PR-prod-myvpc-private",
              "environment": "prod",
              "owners": "PR"
            },
            "timeouts": null,
            "vpc_id": "vpc-05e23d1a8807d5015"
          },
          "sensitive_attributes": [],
          "private": "eyJlMmJmYjczMC1lY2FhLTExZTYtOGY4OC0zNDM2M2JjN2M0YzAiOnsiY3JlYXRlIjozMDAwMDAwMDAwMDAsImRlbGV0ZSI6MzAwMDAwMDAwMDAwLCJ1cGRhdGUiOjEyMDAwMDAwMDAwMH19",
          "dependencies": [
            "module.vpc.aws_vpc.this",
            "module.vpc.aws_vpc_ipv4_cidr_block_association.this"
          ]
        }
      ]
    },
    {
      "module": "module.vpc",
      "mode": "managed",
      "type": "aws_route_table",
      "name": "public",
      "provider": "provider[\"registry.terraform.io/hashicorp/aws\"]",
      "instances": [
        {
          "index_key": 0,
          "schema_version": 0,
          "attributes": {
            "arn": "arn:aws:ec2:us-east-1:643077234078:route-table/rtb-095f04ed9f90843d7",
            "id": "rtb-095f04ed9f90843d7",
            "owner_id": "643077234078",
            "propagating_vgws": [],
            "route": [
              {
                "carrier_gateway_id": "",
                "cidr_block": "0.0.0.0/0",
                "core_network_arn": "",
                "destination_prefix_list_id": "",
                "egress_only_gateway_id": "",
                "gateway_id": "igw-09a94bf0ba9d7b598",
                "instance_id": "",
                "ipv6_cidr_block": "",
                "local_gateway_id": "",
                "nat_gateway_id": "",
                "network_interface_id": "",
                "transit_gateway_id": "",
                "vpc_endpoint_id": "",
                "vpc_peering_connection_id": ""
              }
            ],
            "tags": {
              "Name": "PR-prod-myvpc-public",
              "environment": "prod",
              "owners": "PR"
            },
            "tags_all": {
              "Name": "PR-prod-myvpc-public",
              "environment": "prod",
              "owners": "PR"
            },
            "timeouts": null,
            "vpc_id": "vpc-05e23d1a8807d5015"
          },
          "sensitive_attributes": [],
          "private": "eyJlMmJmYjczMC1lY2FhLTExZTYtOGY4OC0zNDM2M2JjN2M0YzAiOnsiY3JlYXRlIjozMDAwMDAwMDAwMDAsImRlbGV0ZSI6MzAwMDAwMDAwMDAwLCJ1cGRhdGUiOjEyMDAwMDAwMDAwMH19",
          "dependencies": [
            "module.vpc.aws_vpc.this",
            "module.vpc.aws_vpc_ipv4_cidr_block_association.this"
          ]
        }
      ]
    },
    {
      "module": "module.vpc",
      "mode": "managed",
      "type": "aws_route_table_association",
      "name": "database",
      "provider": "provider[\"registry.terraform.io/hashicorp/aws\"]",
      "instances": [
        {
          "index_key": 0,
          "schema_version": 0,
          "attributes": {
            "gateway_id": "",
            "id": "rtbassoc-0bb4127632877c130",
            "route_table_id": "rtb-02505460155cfdb8a",
            "subnet_id": "subnet-05c1888c0611ab33e"
          },
          "sensitive_attributes": [],
          "private": "bnVsbA==",
          "dependencies": [
            "module.vpc.aws_route_table.database",
            "module.vpc.aws_route_table.private",
            "module.vpc.aws_subnet.database",
            "module.vpc.aws_vpc.this",
            "module.vpc.aws_vpc_ipv4_cidr_block_association.this"
          ]
        },
        {
          "index_key": 1,
          "schema_version": 0,
          "attributes": {
            "gateway_id": "",
            "id": "rtbassoc-076394191d8103289",
            "route_table_id": "rtb-02505460155cfdb8a",
            "subnet_id": "subnet-01961c0593e0c9a04"
          },
          "sensitive_attributes": [],
          "private": "bnVsbA==",
          "dependencies": [
            "module.vpc.aws_route_table.database",
            "module.vpc.aws_route_table.private",
            "module.vpc.aws_subnet.database",
            "module.vpc.aws_vpc.this",
            "module.vpc.aws_vpc_ipv4_cidr_block_association.this"
          ]
        }
      ]
    },
    {
      "module": "module.vpc",
      "mode": "managed",
      "type": "aws_route_table_association",
      "name": "private",
      "provider": "provider[\"registry.terraform.io/hashicorp/aws\"]",
      "instances": [
        {
          "index_key": 0,
          "schema_version": 0,
          "attributes": {
            "gateway_id": "",
            "id": "rtbassoc-0375172cd1dbe7071",
            "route_table_id": "rtb-0ec9f0f48cbc4be87",
            "subnet_id": "subnet-00e53ae3fc7206db0"
          },
          "sensitive_attributes": [],
          "private": "bnVsbA==",
          "dependencies": [
            "module.vpc.aws_route_table.private",
            "module.vpc.aws_subnet.private",
            "module.vpc.aws_vpc.this",
            "module.vpc.aws_vpc_ipv4_cidr_block_association.this"
          ]
        },
        {
          "index_key": 1,
          "schema_version": 0,
          "attributes": {
            "gateway_id": "",
            "id": "rtbassoc-0c44523ffd489a045",
            "route_table_id": "rtb-0ec9f0f48cbc4be87",
            "subnet_id": "subnet-0ecc7f50a89b4f362"
          },
          "sensitive_attributes": [],
          "private": "bnVsbA==",
          "dependencies": [
            "module.vpc.aws_route_table.private",
            "module.vpc.aws_subnet.private",
            "module.vpc.aws_vpc.this",
            "module.vpc.aws_vpc_ipv4_cidr_block_association.this"
          ]
        }
      ]
    },
    {
      "module": "module.vpc",
      "mode": "managed",
      "type": "aws_route_table_association",
      "name": "public",
      "provider": "provider[\"registry.terraform.io/hashicorp/aws\"]",
      "instances": [
        {
          "index_key": 0,
          "schema_version": 0,
          "attributes": {
            "gateway_id": "",
            "id": "rtbassoc-08e3a0c3df01616af",
            "route_table_id": "rtb-095f04ed9f90843d7",
            "subnet_id": "subnet-084e59bdc271ec0f2"
          },
          "sensitive_attributes": [],
          "private": "bnVsbA==",
          "dependencies": [
            "module.vpc.aws_route_table.public",
            "module.vpc.aws_subnet.public",
            "module.vpc.aws_vpc.this",
            "module.vpc.aws_vpc_ipv4_cidr_block_association.this"
          ]
        },
        {
          "index_key": 1,
          "schema_version": 0,
          "attributes": {
            "gateway_id": "",
            "id": "rtbassoc-08f53874dc6786a4c",
            "route_table_id": "rtb-095f04ed9f90843d7",
            "subnet_id": "subnet-05fcbbbb0079b57fc"
          },
          "sensitive_attributes": [],
          "private": "bnVsbA==",
          "dependencies": [
            "module.vpc.aws_route_table.public",
            "module.vpc.aws_subnet.public",
            "module.vpc.aws_vpc.this",
            "module.vpc.aws_vpc_ipv4_cidr_block_association.this"
          ]
        }
      ]
    },
    {
      "module": "module.vpc",
      "mode": "managed",
      "type": "aws_subnet",
      "name": "database",
      "provider": "provider[\"registry.terraform.io/hashicorp/aws\"]",
      "instances": [
        {
          "index_key": 0,
          "schema_version": 1,
          "attributes": {
            "arn": "arn:aws:ec2:us-east-1:643077234078:subnet/subnet-05c1888c0611ab33e",
            "assign_ipv6_address_on_creation": false,
            "availability_zone": "us-east-1a",
            "availability_zone_id": "use1-az1",
            "cidr_block": "10.0.151.0/24",
            "customer_owned_ipv4_pool": "",
            "enable_dns64": false,
            "enable_resource_name_dns_a_record_on_launch": false,
            "enable_resource_name_dns_aaaa_record_on_launch": false,
            "id": "subnet-05c1888c0611ab33e",
            "ipv6_cidr_block": "",
            "ipv6_cidr_block_association_id": "",
            "ipv6_native": false,
            "map_customer_owned_ip_on_launch": false,
            "map_public_ip_on_launch": false,
            "outpost_arn": "",
            "owner_id": "643077234078",
            "private_dns_hostname_type_on_launch": "ip-name",
            "tags": {
              "Name": "PR-prod-myvpc-db-us-east-1a",
              "Type": "Private Database Subnets",
              "environment": "prod",
              "owners": "PR"
            },
            "tags_all": {
              "Name": "PR-prod-myvpc-db-us-east-1a",
              "Type": "Private Database Subnets",
              "environment": "prod",
              "owners": "PR"
            },
            "timeouts": null,
            "vpc_id": "vpc-05e23d1a8807d5015"
          },
          "sensitive_attributes": [],
          "private": "eyJlMmJmYjczMC1lY2FhLTExZTYtOGY4OC0zNDM2M2JjN2M0YzAiOnsiY3JlYXRlIjo2MDAwMDAwMDAwMDAsImRlbGV0ZSI6MTIwMDAwMDAwMDAwMH0sInNjaGVtYV92ZXJzaW9uIjoiMSJ9",
          "dependencies": [
            "module.vpc.aws_vpc.this",
            "module.vpc.aws_vpc_ipv4_cidr_block_association.this"
          ]
        },
        {
          "index_key": 1,
          "schema_version": 1,
          "attributes": {
            "arn": "arn:aws:ec2:us-east-1:643077234078:subnet/subnet-01961c0593e0c9a04",
            "assign_ipv6_address_on_creation": false,
            "availability_zone": "us-east-1b",
            "availability_zone_id": "use1-az2",
            "cidr_block": "10.0.152.0/24",
            "customer_owned_ipv4_pool": "",
            "enable_dns64": false,
            "enable_resource_name_dns_a_record_on_launch": false,
            "enable_resource_name_dns_aaaa_record_on_launch": false,
            "id": "subnet-01961c0593e0c9a04",
            "ipv6_cidr_block": "",
            "ipv6_cidr_block_association_id": "",
            "ipv6_native": false,
            "map_customer_owned_ip_on_launch": false,
            "map_public_ip_on_launch": false,
            "outpost_arn": "",
            "owner_id": "643077234078",
            "private_dns_hostname_type_on_launch": "ip-name",
            "tags": {
              "Name": "PR-prod-myvpc-db-us-east-1b",
              "Type": "Private Database Subnets",
              "environment": "prod",
              "owners": "PR"
            },
            "tags_all": {
              "Name": "PR-prod-myvpc-db-us-east-1b",
              "Type": "Private Database Subnets",
              "environment": "prod",
              "owners": "PR"
            },
            "timeouts": null,
            "vpc_id": "vpc-05e23d1a8807d5015"
          },
          "sensitive_attributes": [],
          "private": "eyJlMmJmYjczMC1lY2FhLTExZTYtOGY4OC0zNDM2M2JjN2M0YzAiOnsiY3JlYXRlIjo2MDAwMDAwMDAwMDAsImRlbGV0ZSI6MTIwMDAwMDAwMDAwMH0sInNjaGVtYV92ZXJzaW9uIjoiMSJ9",
          "dependencies": [
            "module.vpc.aws_vpc.this",
            "module.vpc.aws_vpc_ipv4_cidr_block_association.this"
          ]
        }
      ]
    },
    {
      "module": "module.vpc",
      "mode": "managed",
      "type": "aws_subnet",
      "name": "private",
      "provider": "provider[\"registry.terraform.io/hashicorp/aws\"]",
      "instances": [
        {
          "index_key": 0,
          "schema_version": 1,
          "attributes": {
            "arn": "arn:aws:ec2:us-east-1:643077234078:subnet/subnet-00e53ae3fc7206db0",
            "assign_ipv6_address_on_creation": false,
            "availability_zone": "us-east-1a",
            "availability_zone_id": "use1-az1",
            "cidr_block": "10.0.1.0/24",
            "customer_owned_ipv4_pool": "",
            "enable_dns64": false,
            "enable_resource_name_dns_a_record_on_launch": false,
            "enable_resource_name_dns_aaaa_record_on_launch": false,
            "id": "subnet-00e53ae3fc7206db0",
            "ipv6_cidr_block": "",
            "ipv6_cidr_block_association_id": "",
            "ipv6_native": false,
            "map_customer_owned_ip_on_launch": false,
            "map_public_ip_on_launch": false,
            "outpost_arn": "",
            "owner_id": "643077234078",
            "private_dns_hostname_type_on_launch": "ip-name",
            "tags": {
              "Name": "PR-prod-myvpc-private-us-east-1a",
              "Type": "Private Subnets",
              "environment": "prod",
              "owners": "PR"
            },
            "tags_all": {
              "Name": "PR-prod-myvpc-private-us-east-1a",
              "Type": "Private Subnets",
              "environment": "prod",
              "owners": "PR"
            },
            "timeouts": null,
            "vpc_id": "vpc-05e23d1a8807d5015"
          },
          "sensitive_attributes": [],
          "private": "eyJlMmJmYjczMC1lY2FhLTExZTYtOGY4OC0zNDM2M2JjN2M0YzAiOnsiY3JlYXRlIjo2MDAwMDAwMDAwMDAsImRlbGV0ZSI6MTIwMDAwMDAwMDAwMH0sInNjaGVtYV92ZXJzaW9uIjoiMSJ9",
          "dependencies": [
            "module.vpc.aws_vpc.this",
            "module.vpc.aws_vpc_ipv4_cidr_block_association.this"
          ]
        },
        {
          "index_key": 1,
          "schema_version": 1,
          "attributes": {
            "arn": "arn:aws:ec2:us-east-1:643077234078:subnet/subnet-0ecc7f50a89b4f362",
            "assign_ipv6_address_on_creation": false,
            "availability_zone": "us-east-1b",
            "availability_zone_id": "use1-az2",
            "cidr_block": "10.0.2.0/24",
            "customer_owned_ipv4_pool": "",
            "enable_dns64": false,
            "enable_resource_name_dns_a_record_on_launch": false,
            "enable_resource_name_dns_aaaa_record_on_launch": false,
            "id": "subnet-0ecc7f50a89b4f362",
            "ipv6_cidr_block": "",
            "ipv6_cidr_block_association_id": "",
            "ipv6_native": false,
            "map_customer_owned_ip_on_launch": false,
            "map_public_ip_on_launch": false,
            "outpost_arn": "",
            "owner_id": "643077234078",
            "private_dns_hostname_type_on_launch": "ip-name",
            "tags": {
              "Name": "PR-prod-myvpc-private-us-east-1b",
              "Type": "Private Subnets",
              "environment": "prod",
              "owners": "PR"
            },
            "tags_all": {
              "Name": "PR-prod-myvpc-private-us-east-1b",
              "Type": "Private Subnets",
              "environment": "prod",
              "owners": "PR"
            },
            "timeouts": null,
            "vpc_id": "vpc-05e23d1a8807d5015"
          },
          "sensitive_attributes": [],
          "private": "eyJlMmJmYjczMC1lY2FhLTExZTYtOGY4OC0zNDM2M2JjN2M0YzAiOnsiY3JlYXRlIjo2MDAwMDAwMDAwMDAsImRlbGV0ZSI6MTIwMDAwMDAwMDAwMH0sInNjaGVtYV92ZXJzaW9uIjoiMSJ9",
          "dependencies": [
            "module.vpc.aws_vpc.this",
            "module.vpc.aws_vpc_ipv4_cidr_block_association.this"
          ]
        }
      ]
    },
    {
      "module": "module.vpc",
      "mode": "managed",
      "type": "aws_subnet",
      "name": "public",
      "provider": "provider[\"registry.terraform.io/hashicorp/aws\"]",
      "instances": [
        {
          "index_key": 0,
          "schema_version": 1,
          "attributes": {
            "arn": "arn:aws:ec2:us-east-1:643077234078:subnet/subnet-084e59bdc271ec0f2",
            "assign_ipv6_address_on_creation": false,
            "availability_zone": "us-east-1a",
            "availability_zone_id": "use1-az1",
            "cidr_block": "10.0.101.0/24",
            "customer_owned_ipv4_pool": "",
            "enable_dns64": false,
            "enable_resource_name_dns_a_record_on_launch": false,
            "enable_resource_name_dns_aaaa_record_on_launch": false,
            "id": "subnet-084e59bdc271ec0f2",
            "ipv6_cidr_block": "",
            "ipv6_cidr_block_association_id": "",
            "ipv6_native": false,
            "map_customer_owned_ip_on_launch": false,
            "map_public_ip_on_launch": true,
            "outpost_arn": "",
            "owner_id": "643077234078",
            "private_dns_hostname_type_on_launch": "ip-name",
            "tags": {
              "Name": "PR-prod-myvpc-public-us-east-1a",
              "Type": "Public Subnets",
              "environment": "prod",
              "owners": "PR"
            },
            "tags_all": {
              "Name": "PR-prod-myvpc-public-us-east-1a",
              "Type": "Public Subnets",
              "environment": "prod",
              "owners": "PR"
            },
            "timeouts": null,
            "vpc_id": "vpc-05e23d1a8807d5015"
          },
          "sensitive_attributes": [],
          "private": "eyJlMmJmYjczMC1lY2FhLTExZTYtOGY4OC0zNDM2M2JjN2M0YzAiOnsiY3JlYXRlIjo2MDAwMDAwMDAwMDAsImRlbGV0ZSI6MTIwMDAwMDAwMDAwMH0sInNjaGVtYV92ZXJzaW9uIjoiMSJ9",
          "dependencies": [
            "module.vpc.aws_vpc.this",
            "module.vpc.aws_vpc_ipv4_cidr_block_association.this"
          ]
        },
        {
          "index_key": 1,
          "schema_version": 1,
          "attributes": {
            "arn": "arn:aws:ec2:us-east-1:643077234078:subnet/subnet-05fcbbbb0079b57fc",
            "assign_ipv6_address_on_creation": false,
            "availability_zone": "us-east-1b",
            "availability_zone_id": "use1-az2",
            "cidr_block": "10.0.102.0/24",
            "customer_owned_ipv4_pool": "",
            "enable_dns64": false,
            "enable_resource_name_dns_a_record_on_launch": false,
            "enable_resource_name_dns_aaaa_record_on_launch": false,
            "id": "subnet-05fcbbbb0079b57fc",
            "ipv6_cidr_block": "",
            "ipv6_cidr_block_association_id": "",
            "ipv6_native": false,
            "map_customer_owned_ip_on_launch": false,
            "map_public_ip_on_launch": true,
            "outpost_arn": "",
            "owner_id": "643077234078",
            "private_dns_hostname_type_on_launch": "ip-name",
            "tags": {
              "Name": "PR-prod-myvpc-public-us-east-1b",
              "Type": "Public Subnets",
              "environment": "prod",
              "owners": "PR"
            },
            "tags_all": {
              "Name": "PR-prod-myvpc-public-us-east-1b",
              "Type": "Public Subnets",
              "environment": "prod",
              "owners": "PR"
            },
            "timeouts": null,
            "vpc_id": "vpc-05e23d1a8807d5015"
          },
          "sensitive_attributes": [],
          "private": "eyJlMmJmYjczMC1lY2FhLTExZTYtOGY4OC0zNDM2M2JjN2M0YzAiOnsiY3JlYXRlIjo2MDAwMDAwMDAwMDAsImRlbGV0ZSI6MTIwMDAwMDAwMDAwMH0sInNjaGVtYV92ZXJzaW9uIjoiMSJ9",
          "dependencies": [
            "module.vpc.aws_vpc.this",
            "module.vpc.aws_vpc_ipv4_cidr_block_association.this"
          ]
        }
      ]
    },
    {
      "module": "module.vpc",
      "mode": "managed",
      "type": "aws_vpc",
      "name": "this",
      "provider": "provider[\"registry.terraform.io/hashicorp/aws\"]",
      "instances": [
        {
          "index_key": 0,
          "schema_version": 1,
          "attributes": {
            "arn": "arn:aws:ec2:us-east-1:643077234078:vpc/vpc-05e23d1a8807d5015",
            "assign_generated_ipv6_cidr_block": false,
            "cidr_block": "10.0.0.0/16",
            "default_network_acl_id": "acl-028c47ffdfe6058ef",
            "default_route_table_id": "rtb-06e85cfc0abce2ac6",
            "default_security_group_id": "sg-0c4a4dc004f5385c9",
            "dhcp_options_id": "dopt-0e554122da63edd8c",
            "enable_classiclink": false,
            "enable_classiclink_dns_support": false,
            "enable_dns_hostnames": true,
            "enable_dns_support": true,
            "id": "vpc-05e23d1a8807d5015",
            "instance_tenancy": "default",
            "ipv4_ipam_pool_id": null,
            "ipv4_netmask_length": null,
            "ipv6_association_id": "",
            "ipv6_cidr_block": "",
            "ipv6_cidr_block_network_border_group": "",
            "ipv6_ipam_pool_id": "",
            "ipv6_netmask_length": 0,
            "main_route_table_id": "rtb-06e85cfc0abce2ac6",
            "owner_id": "643077234078",
            "tags": {
              "Name": "PR-prod-myvpc",
              "environment": "prod",
              "owners": "PR"
            },
            "tags_all": {
              "Name": "PR-prod-myvpc",
              "environment": "prod",
              "owners": "PR"
            }
          },
          "sensitive_attributes": [],
          "private": "eyJzY2hlbWFfdmVyc2lvbiI6IjEifQ==",
          "create_before_destroy": true
        }
      ]
    }
  ]
}
