{
  "version": 4,
  "terraform_version": "1.2.3",
  "serial": 51,
  "lineage": "677a6105-7bb3-c6a2-e5d3-94df3c586383",
  "outputs": {
    "output-1": {
      "value": {
        "us-east-1a": [
          "t3.micro"
        ],
        "us-east-1b": [
          "t3.micro"
        ],
        "us-east-1c": [
          "t3.micro"
        ],
        "us-east-1d": [
          "t3.micro"
        ],
        "us-east-1f": [
          "t3.micro"
        ]
      },
      "type": [
        "object",
        {
          "us-east-1a": [
            "set",
            "string"
          ],
          "us-east-1b": [
            "set",
            "string"
          ],
          "us-east-1c": [
            "set",
            "string"
          ],
          "us-east-1d": [
            "set",
            "string"
          ],
          "us-east-1f": [
            "set",
            "string"
          ]
        }
      ]
    }
  },
  "resources": [
    {
      "mode": "data",
      "type": "aws_ami",
      "name": "myami",
      "provider": "provider[\"registry.terraform.io/hashicorp/aws\"]",
      "instances": [
        {
          "schema_version": 0,
          "attributes": {
            "architecture": "x86_64",
            "arn": "arn:aws:ec2:us-east-1::image/ami-0cff7528ff583bf9a",
            "block_device_mappings": [
              {
                "device_name": "/dev/xvda",
                "ebs": {
                  "delete_on_termination": "true",
                  "encrypted": "false",
                  "iops": "0",
                  "snapshot_id": "snap-08f1069dfde2007ba",
                  "volume_size": "8",
                  "volume_type": "gp2"
                },
                "no_device": "",
                "virtual_name": ""
              }
            ],
            "creation_date": "2022-06-14T19:54:20.000Z",
            "description": "Amazon Linux 2 Kernel 5.10 AMI 2.0.20220606.1 x86_64 HVM gp2",
            "executable_users": null,
            "filter": [
              {
                "name": "name",
                "values": [
                  "amzn2-ami-kernel-5.10-hvm-*-gp2"
                ]
              },
              {
                "name": "root-device-type",
                "values": [
                  "ebs"
                ]
              },
              {
                "name": "virtualization-type",
                "values": [
                  "hvm"
                ]
              }
            ],
            "hypervisor": "xen",
            "id": "ami-0cff7528ff583bf9a",
            "image_id": "ami-0cff7528ff583bf9a",
            "image_location": "amazon/amzn2-ami-kernel-5.10-hvm-2.0.20220606.1-x86_64-gp2",
            "image_owner_alias": "amazon",
            "image_type": "machine",
            "kernel_id": null,
            "most_recent": true,
            "name": "amzn2-ami-kernel-5.10-hvm-2.0.20220606.1-x86_64-gp2",
            "name_regex": null,
            "owner_id": "137112412989",
            "owners": [
              "amazon"
            ],
            "platform": null,
            "product_codes": [],
            "public": true,
            "ramdisk_id": null,
            "root_device_name": "/dev/xvda",
            "root_device_type": "ebs",
            "root_snapshot_id": "snap-08f1069dfde2007ba",
            "sriov_net_support": "simple",
            "state": "available",
            "state_reason": {
              "code": "UNSET",
              "message": "UNSET"
            },
            "tags": {},
            "virtualization_type": "hvm"
          },
          "sensitive_attributes": []
        }
      ]
    },
    {
      "mode": "data",
      "type": "aws_availability_zones",
      "name": "az_list",
      "provider": "provider[\"registry.terraform.io/hashicorp/aws\"]",
      "instances": [
        {
          "schema_version": 0,
          "attributes": {
            "all_availability_zones": null,
            "blacklisted_names": null,
            "blacklisted_zone_ids": null,
            "exclude_names": null,
            "exclude_zone_ids": null,
            "filter": [
              {
                "name": "opt-in-status",
                "values": [
                  "opt-in-not-required"
                ]
              }
            ],
            "group_names": [
              "us-east-1"
            ],
            "id": "2022-06-19 19:16:36.4805847 +0000 UTC",
            "names": [
              "us-east-1a",
              "us-east-1b",
              "us-east-1c",
              "us-east-1d",
              "us-east-1e",
              "us-east-1f"
            ],
            "state": null,
            "zone_ids": [
              "use1-az1",
              "use1-az2",
              "use1-az4",
              "use1-az6",
              "use1-az3",
              "use1-az5"
            ]
          },
          "sensitive_attributes": []
        }
      ]
    },
    {
      "mode": "data",
      "type": "aws_ec2_instance_type_offerings",
      "name": "my_ins_type",
      "provider": "provider[\"registry.terraform.io/hashicorp/aws\"]",
      "instances": [
        {
          "index_key": "us-east-1a",
          "schema_version": 0,
          "attributes": {
            "filter": [
              {
                "name": "instance-type",
                "values": [
                  "t3.micro"
                ]
              },
              {
                "name": "location",
                "values": [
                  "us-east-1a"
                ]
              }
            ],
            "id": "terraform-20220619191636870100000002",
            "instance_types": [
              "t3.micro"
            ],
            "location_type": "availability-zone"
          },
          "sensitive_attributes": []
        },
        {
          "index_key": "us-east-1b",
          "schema_version": 0,
          "attributes": {
            "filter": [
              {
                "name": "instance-type",
                "values": [
                  "t3.micro"
                ]
              },
              {
                "name": "location",
                "values": [
                  "us-east-1b"
                ]
              }
            ],
            "id": "terraform-20220619191636864800000001",
            "instance_types": [
              "t3.micro"
            ],
            "location_type": "availability-zone"
          },
          "sensitive_attributes": []
        },
        {
          "index_key": "us-east-1c",
          "schema_version": 0,
          "attributes": {
            "filter": [
              {
                "name": "instance-type",
                "values": [
                  "t3.micro"
                ]
              },
              {
                "name": "location",
                "values": [
                  "us-east-1c"
                ]
              }
            ],
            "id": "terraform-20220619191636886400000005",
            "instance_types": [
              "t3.micro"
            ],
            "location_type": "availability-zone"
          },
          "sensitive_attributes": []
        },
        {
          "index_key": "us-east-1d",
          "schema_version": 0,
          "attributes": {
            "filter": [
              {
                "name": "instance-type",
                "values": [
                  "t3.micro"
                ]
              },
              {
                "name": "location",
                "values": [
                  "us-east-1d"
                ]
              }
            ],
            "id": "terraform-20220619191636891400000006",
            "instance_types": [
              "t3.micro"
            ],
            "location_type": "availability-zone"
          },
          "sensitive_attributes": []
        },
        {
          "index_key": "us-east-1e",
          "schema_version": 0,
          "attributes": {
            "filter": [
              {
                "name": "instance-type",
                "values": [
                  "t3.micro"
                ]
              },
              {
                "name": "location",
                "values": [
                  "us-east-1e"
                ]
              }
            ],
            "id": "terraform-20220619191636881400000004",
            "instance_types": [],
            "location_type": "availability-zone"
          },
          "sensitive_attributes": []
        },
        {
          "index_key": "us-east-1f",
          "schema_version": 0,
          "attributes": {
            "filter": [
              {
                "name": "instance-type",
                "values": [
                  "t3.micro"
                ]
              },
              {
                "name": "location",
                "values": [
                  "us-east-1f"
                ]
              }
            ],
            "id": "terraform-20220619191636881400000003",
            "instance_types": [
              "t3.micro"
            ],
            "location_type": "availability-zone"
          },
          "sensitive_attributes": []
        }
      ]
    },
    {
      "mode": "managed",
      "type": "aws_instance",
      "name": "myec2instance",
      "provider": "provider[\"registry.terraform.io/hashicorp/aws\"]",
      "instances": [
        {
          "index_key": "us-east-1a",
          "schema_version": 1,
          "attributes": {
            "ami": "ami-0cff7528ff583bf9a",
            "arn": "arn:aws:ec2:us-east-1:643077234078:instance/i-055b3594aeb839416",
            "associate_public_ip_address": true,
            "availability_zone": "us-east-1a",
            "cpu_core_count": 1,
            "cpu_threads_per_core": 2,
            "credit_specification": [
              {
                "cpu_credits": "unlimited"
              }
            ],
            "disable_api_termination": false,
            "ebs_block_device": [],
            "ebs_optimized": false,
            "ephemeral_block_device": [],
            "get_password_data": false,
            "hibernation": false,
            "host_id": null,
            "iam_instance_profile": "",
            "id": "i-055b3594aeb839416",
            "instance_initiated_shutdown_behavior": null,
            "instance_state": "running",
            "instance_type": "t3.micro",
            "ipv6_address_count": 0,
            "ipv6_addresses": [],
            "key_name": "terraformkey",
            "metadata_options": [
              {
                "http_endpoint": "enabled",
                "http_put_response_hop_limit": 1,
                "http_tokens": "optional"
              }
            ],
            "monitoring": false,
            "network_interface": [],
            "network_interface_id": null,
            "outpost_arn": "",
            "password_data": "",
            "placement_group": "",
            "primary_network_interface_id": "eni-0e937e2e8a3eef000",
            "private_dns": "ip-172-31-12-13.ec2.internal",
            "private_ip": "172.31.12.13",
            "public_dns": "ec2-34-205-172-3.compute-1.amazonaws.com",
            "public_ip": "34.205.172.3",
            "root_block_device": [
              {
                "delete_on_termination": true,
                "device_name": "/dev/xvda",
                "encrypted": false,
                "iops": 100,
                "kms_key_id": "",
                "volume_id": "vol-01d1beba908de6a4a",
                "volume_size": 8,
                "volume_type": "gp2"
              }
            ],
            "security_groups": [
              "terraform-20220619191643735000000001",
              "terraform-20220619191643736400000002"
            ],
            "source_dest_check": true,
            "subnet_id": "subnet-01be9c58aecb77905",
            "tags": {
              "name": "myec2instance-us-east-1a"
            },
            "tenancy": "default",
            "timeouts": null,
            "user_data": "d97d5633be9128edfb2f720b219becd948ceb5f9",
            "user_data_base64": null,
            "volume_tags": {},
            "vpc_security_group_ids": [
              "sg-023700091b91769fa",
              "sg-064a2370c925cba49"
            ]
          },
          "sensitive_attributes": [],
          "private": "eyJlMmJmYjczMC1lY2FhLTExZTYtOGY4OC0zNDM2M2JjN2M0YzAiOnsiY3JlYXRlIjo2MDAwMDAwMDAwMDAsImRlbGV0ZSI6MTIwMDAwMDAwMDAwMCwidXBkYXRlIjo2MDAwMDAwMDAwMDB9LCJzY2hlbWFfdmVyc2lvbiI6IjEifQ==",
          "dependencies": [
            "aws_security_group.mysg-ssh",
            "aws_security_group.mysg-web",
            "data.aws_ami.myami",
            "data.aws_availability_zones.az_list"
          ]
        },
        {
          "index_key": "us-east-1b",
          "schema_version": 1,
          "attributes": {
            "ami": "ami-0cff7528ff583bf9a",
            "arn": "arn:aws:ec2:us-east-1:643077234078:instance/i-07d55fdaee52401b3",
            "associate_public_ip_address": true,
            "availability_zone": "us-east-1b",
            "cpu_core_count": 1,
            "cpu_threads_per_core": 2,
            "credit_specification": [
              {
                "cpu_credits": "unlimited"
              }
            ],
            "disable_api_termination": false,
            "ebs_block_device": [],
            "ebs_optimized": false,
            "ephemeral_block_device": [],
            "get_password_data": false,
            "hibernation": false,
            "host_id": null,
            "iam_instance_profile": "",
            "id": "i-07d55fdaee52401b3",
            "instance_initiated_shutdown_behavior": null,
            "instance_state": "running",
            "instance_type": "t3.micro",
            "ipv6_address_count": 0,
            "ipv6_addresses": [],
            "key_name": "terraformkey",
            "metadata_options": [
              {
                "http_endpoint": "enabled",
                "http_put_response_hop_limit": 1,
                "http_tokens": "optional"
              }
            ],
            "monitoring": false,
            "network_interface": [],
            "network_interface_id": null,
            "outpost_arn": "",
            "password_data": "",
            "placement_group": "",
            "primary_network_interface_id": "eni-0548457e0f69c7207",
            "private_dns": "ip-172-31-85-0.ec2.internal",
            "private_ip": "172.31.85.0",
            "public_dns": "ec2-54-197-39-170.compute-1.amazonaws.com",
            "public_ip": "54.197.39.170",
            "root_block_device": [
              {
                "delete_on_termination": true,
                "device_name": "/dev/xvda",
                "encrypted": false,
                "iops": 100,
                "kms_key_id": "",
                "volume_id": "vol-00aa58a5544636beb",
                "volume_size": 8,
                "volume_type": "gp2"
              }
            ],
            "security_groups": [
              "terraform-20220619191643735000000001",
              "terraform-20220619191643736400000002"
            ],
            "source_dest_check": true,
            "subnet_id": "subnet-0edb1da162304aaee",
            "tags": {
              "name": "myec2instance-us-east-1b"
            },
            "tenancy": "default",
            "timeouts": null,
            "user_data": "d97d5633be9128edfb2f720b219becd948ceb5f9",
            "user_data_base64": null,
            "volume_tags": {},
            "vpc_security_group_ids": [
              "sg-023700091b91769fa",
              "sg-064a2370c925cba49"
            ]
          },
          "sensitive_attributes": [],
          "private": "eyJlMmJmYjczMC1lY2FhLTExZTYtOGY4OC0zNDM2M2JjN2M0YzAiOnsiY3JlYXRlIjo2MDAwMDAwMDAwMDAsImRlbGV0ZSI6MTIwMDAwMDAwMDAwMCwidXBkYXRlIjo2MDAwMDAwMDAwMDB9LCJzY2hlbWFfdmVyc2lvbiI6IjEifQ==",
          "dependencies": [
            "aws_security_group.mysg-ssh",
            "aws_security_group.mysg-web",
            "data.aws_ami.myami",
            "data.aws_availability_zones.az_list"
          ]
        },
        {
          "index_key": "us-east-1c",
          "schema_version": 1,
          "attributes": {
            "ami": "ami-0cff7528ff583bf9a",
            "arn": "arn:aws:ec2:us-east-1:643077234078:instance/i-0df3da2290c2833df",
            "associate_public_ip_address": true,
            "availability_zone": "us-east-1c",
            "cpu_core_count": 1,
            "cpu_threads_per_core": 2,
            "credit_specification": [
              {
                "cpu_credits": "unlimited"
              }
            ],
            "disable_api_termination": false,
            "ebs_block_device": [],
            "ebs_optimized": false,
            "ephemeral_block_device": [],
            "get_password_data": false,
            "hibernation": false,
            "host_id": null,
            "iam_instance_profile": "",
            "id": "i-0df3da2290c2833df",
            "instance_initiated_shutdown_behavior": null,
            "instance_state": "running",
            "instance_type": "t3.micro",
            "ipv6_address_count": 0,
            "ipv6_addresses": [],
            "key_name": "terraformkey",
            "metadata_options": [
              {
                "http_endpoint": "enabled",
                "http_put_response_hop_limit": 1,
                "http_tokens": "optional"
              }
            ],
            "monitoring": false,
            "network_interface": [],
            "network_interface_id": null,
            "outpost_arn": "",
            "password_data": "",
            "placement_group": "",
            "primary_network_interface_id": "eni-06e389877f7789b6e",
            "private_dns": "ip-172-31-27-153.ec2.internal",
            "private_ip": "172.31.27.153",
            "public_dns": "ec2-54-227-19-62.compute-1.amazonaws.com",
            "public_ip": "54.227.19.62",
            "root_block_device": [
              {
                "delete_on_termination": true,
                "device_name": "/dev/xvda",
                "encrypted": false,
                "iops": 100,
                "kms_key_id": "",
                "volume_id": "vol-038bc9417df346bde",
                "volume_size": 8,
                "volume_type": "gp2"
              }
            ],
            "security_groups": [
              "terraform-20220619191643735000000001",
              "terraform-20220619191643736400000002"
            ],
            "source_dest_check": true,
            "subnet_id": "subnet-0720380c59b350122",
            "tags": {
              "name": "myec2instance-us-east-1c"
            },
            "tenancy": "default",
            "timeouts": null,
            "user_data": "d97d5633be9128edfb2f720b219becd948ceb5f9",
            "user_data_base64": null,
            "volume_tags": {},
            "vpc_security_group_ids": [
              "sg-023700091b91769fa",
              "sg-064a2370c925cba49"
            ]
          },
          "sensitive_attributes": [],
          "private": "eyJlMmJmYjczMC1lY2FhLTExZTYtOGY4OC0zNDM2M2JjN2M0YzAiOnsiY3JlYXRlIjo2MDAwMDAwMDAwMDAsImRlbGV0ZSI6MTIwMDAwMDAwMDAwMCwidXBkYXRlIjo2MDAwMDAwMDAwMDB9LCJzY2hlbWFfdmVyc2lvbiI6IjEifQ==",
          "dependencies": [
            "aws_security_group.mysg-ssh",
            "aws_security_group.mysg-web",
            "data.aws_ami.myami",
            "data.aws_availability_zones.az_list"
          ]
        },
        {
          "index_key": "us-east-1d",
          "schema_version": 1,
          "attributes": {
            "ami": "ami-0cff7528ff583bf9a",
            "arn": "arn:aws:ec2:us-east-1:643077234078:instance/i-0d30b9cb0b7d31c44",
            "associate_public_ip_address": true,
            "availability_zone": "us-east-1d",
            "cpu_core_count": 1,
            "cpu_threads_per_core": 2,
            "credit_specification": [
              {
                "cpu_credits": "unlimited"
              }
            ],
            "disable_api_termination": false,
            "ebs_block_device": [],
            "ebs_optimized": false,
            "ephemeral_block_device": [],
            "get_password_data": false,
            "hibernation": false,
            "host_id": null,
            "iam_instance_profile": "",
            "id": "i-0d30b9cb0b7d31c44",
            "instance_initiated_shutdown_behavior": null,
            "instance_state": "running",
            "instance_type": "t3.micro",
            "ipv6_address_count": 0,
            "ipv6_addresses": [],
            "key_name": "terraformkey",
            "metadata_options": [
              {
                "http_endpoint": "enabled",
                "http_put_response_hop_limit": 1,
                "http_tokens": "optional"
              }
            ],
            "monitoring": false,
            "network_interface": [],
            "network_interface_id": null,
            "outpost_arn": "",
            "password_data": "",
            "placement_group": "",
            "primary_network_interface_id": "eni-0313c8b889a00a115",
            "private_dns": "ip-172-31-33-238.ec2.internal",
            "private_ip": "172.31.33.238",
            "public_dns": "ec2-54-81-118-27.compute-1.amazonaws.com",
            "public_ip": "54.81.118.27",
            "root_block_device": [
              {
                "delete_on_termination": true,
                "device_name": "/dev/xvda",
                "encrypted": false,
                "iops": 100,
                "kms_key_id": "",
                "volume_id": "vol-09de4b9b6366b8ce4",
                "volume_size": 8,
                "volume_type": "gp2"
              }
            ],
            "security_groups": [
              "terraform-20220619191643735000000001",
              "terraform-20220619191643736400000002"
            ],
            "source_dest_check": true,
            "subnet_id": "subnet-0cb6fe7b5a07f572e",
            "tags": {
              "name": "myec2instance-us-east-1d"
            },
            "tenancy": "default",
            "timeouts": null,
            "user_data": "d97d5633be9128edfb2f720b219becd948ceb5f9",
            "user_data_base64": null,
            "volume_tags": {},
            "vpc_security_group_ids": [
              "sg-023700091b91769fa",
              "sg-064a2370c925cba49"
            ]
          },
          "sensitive_attributes": [],
          "private": "eyJlMmJmYjczMC1lY2FhLTExZTYtOGY4OC0zNDM2M2JjN2M0YzAiOnsiY3JlYXRlIjo2MDAwMDAwMDAwMDAsImRlbGV0ZSI6MTIwMDAwMDAwMDAwMCwidXBkYXRlIjo2MDAwMDAwMDAwMDB9LCJzY2hlbWFfdmVyc2lvbiI6IjEifQ==",
          "dependencies": [
            "aws_security_group.mysg-ssh",
            "aws_security_group.mysg-web",
            "data.aws_ami.myami",
            "data.aws_availability_zones.az_list"
          ]
        },
        {
          "index_key": "us-east-1f",
          "schema_version": 1,
          "attributes": {
            "ami": "ami-0cff7528ff583bf9a",
            "arn": "arn:aws:ec2:us-east-1:643077234078:instance/i-06515e7a3ff2ee9c0",
            "associate_public_ip_address": true,
            "availability_zone": "us-east-1f",
            "cpu_core_count": 1,
            "cpu_threads_per_core": 2,
            "credit_specification": [
              {
                "cpu_credits": "unlimited"
              }
            ],
            "disable_api_termination": false,
            "ebs_block_device": [],
            "ebs_optimized": false,
            "ephemeral_block_device": [],
            "get_password_data": false,
            "hibernation": false,
            "host_id": null,
            "iam_instance_profile": "",
            "id": "i-06515e7a3ff2ee9c0",
            "instance_initiated_shutdown_behavior": null,
            "instance_state": "running",
            "instance_type": "t3.micro",
            "ipv6_address_count": 0,
            "ipv6_addresses": [],
            "key_name": "terraformkey",
            "metadata_options": [
              {
                "http_endpoint": "enabled",
                "http_put_response_hop_limit": 1,
                "http_tokens": "optional"
              }
            ],
            "monitoring": false,
            "network_interface": [],
            "network_interface_id": null,
            "outpost_arn": "",
            "password_data": "",
            "placement_group": "",
            "primary_network_interface_id": "eni-04927b10303d00183",
            "private_dns": "ip-172-31-67-182.ec2.internal",
            "private_ip": "172.31.67.182",
            "public_dns": "ec2-44-200-175-204.compute-1.amazonaws.com",
            "public_ip": "44.200.175.204",
            "root_block_device": [
              {
                "delete_on_termination": true,
                "device_name": "/dev/xvda",
                "encrypted": false,
                "iops": 100,
                "kms_key_id": "",
                "volume_id": "vol-0943fd6fec7da9da3",
                "volume_size": 8,
                "volume_type": "gp2"
              }
            ],
            "security_groups": [
              "terraform-20220619191643735000000001",
              "terraform-20220619191643736400000002"
            ],
            "source_dest_check": true,
            "subnet_id": "subnet-0090c66e8433bd99b",
            "tags": {
              "name": "myec2instance-us-east-1f"
            },
            "tenancy": "default",
            "timeouts": null,
            "user_data": "d97d5633be9128edfb2f720b219becd948ceb5f9",
            "user_data_base64": null,
            "volume_tags": {},
            "vpc_security_group_ids": [
              "sg-023700091b91769fa",
              "sg-064a2370c925cba49"
            ]
          },
          "sensitive_attributes": [],
          "private": "eyJlMmJmYjczMC1lY2FhLTExZTYtOGY4OC0zNDM2M2JjN2M0YzAiOnsiY3JlYXRlIjo2MDAwMDAwMDAwMDAsImRlbGV0ZSI6MTIwMDAwMDAwMDAwMCwidXBkYXRlIjo2MDAwMDAwMDAwMDB9LCJzY2hlbWFfdmVyc2lvbiI6IjEifQ==",
          "dependencies": [
            "aws_security_group.mysg-ssh",
            "aws_security_group.mysg-web",
            "data.aws_ami.myami",
            "data.aws_availability_zones.az_list"
          ]
        }
      ]
    },
    {
      "mode": "managed",
      "type": "aws_security_group",
      "name": "mysg-ssh",
      "provider": "provider[\"registry.terraform.io/hashicorp/aws\"]",
      "instances": [
        {
          "schema_version": 1,
          "attributes": {
            "arn": "arn:aws:ec2:us-east-1:643077234078:security-group/sg-023700091b91769fa",
            "description": "Managed by Terraform",
            "egress": [
              {
                "cidr_blocks": [
                  "0.0.0.0/0"
                ],
                "description": "",
                "from_port": 0,
                "ipv6_cidr_blocks": [],
                "prefix_list_ids": [],
                "protocol": "-1",
                "security_groups": [],
                "self": false,
                "to_port": 0
              }
            ],
            "id": "sg-023700091b91769fa",
            "ingress": [
              {
                "cidr_blocks": [
                  "0.0.0.0/0"
                ],
                "description": "allow ssh",
                "from_port": 22,
                "ipv6_cidr_blocks": [],
                "prefix_list_ids": [],
                "protocol": "tcp",
                "security_groups": [],
                "self": false,
                "to_port": 22
              }
            ],
            "name": "terraform-20220619191643736400000002",
            "name_prefix": null,
            "owner_id": "643077234078",
            "revoke_rules_on_delete": false,
            "tags": null,
            "timeouts": null,
            "vpc_id": "vpc-0616f27eb0c702510"
          },
          "sensitive_attributes": [],
          "private": "eyJlMmJmYjczMC1lY2FhLTExZTYtOGY4OC0zNDM2M2JjN2M0YzAiOnsiY3JlYXRlIjo2MDAwMDAwMDAwMDAsImRlbGV0ZSI6NjAwMDAwMDAwMDAwfSwic2NoZW1hX3ZlcnNpb24iOiIxIn0="
        }
      ]
    },
    {
      "mode": "managed",
      "type": "aws_security_group",
      "name": "mysg-web",
      "provider": "provider[\"registry.terraform.io/hashicorp/aws\"]",
      "instances": [
        {
          "schema_version": 1,
          "attributes": {
            "arn": "arn:aws:ec2:us-east-1:643077234078:security-group/sg-064a2370c925cba49",
            "description": "Managed by Terraform",
            "egress": [
              {
                "cidr_blocks": [
                  "0.0.0.0/0"
                ],
                "description": "",
                "from_port": 0,
                "ipv6_cidr_blocks": [],
                "prefix_list_ids": [],
                "protocol": "-1",
                "security_groups": [],
                "self": false,
                "to_port": 0
              }
            ],
            "id": "sg-064a2370c925cba49",
            "ingress": [
              {
                "cidr_blocks": [
                  "0.0.0.0/0"
                ],
                "description": "allow web access",
                "from_port": 80,
                "ipv6_cidr_blocks": [],
                "prefix_list_ids": [],
                "protocol": "tcp",
                "security_groups": [],
                "self": false,
                "to_port": 80
              }
            ],
            "name": "terraform-20220619191643735000000001",
            "name_prefix": null,
            "owner_id": "643077234078",
            "revoke_rules_on_delete": false,
            "tags": null,
            "timeouts": null,
            "vpc_id": "vpc-0616f27eb0c702510"
          },
          "sensitive_attributes": [],
          "private": "eyJlMmJmYjczMC1lY2FhLTExZTYtOGY4OC0zNDM2M2JjN2M0YzAiOnsiY3JlYXRlIjo2MDAwMDAwMDAwMDAsImRlbGV0ZSI6NjAwMDAwMDAwMDAwfSwic2NoZW1hX3ZlcnNpb24iOiIxIn0="
        }
      ]
    }
  ]
}
